# @generated - this file is auto-generated by `mise lock` https://mise.jdx.dev/dev-tools/mise-lock.html

[[tools."aqua:koalaman/shellcheck"]]
version = "0.11.0"
backend = "aqua:koalaman/shellcheck"

[tools."aqua:koalaman/shellcheck"."platforms.linux-arm64"]
checksum = "sha256:12b331c1d2db6b9eb13cfca64306b1b157a86eb69db83023e261eaa7e7c14588"
url = "https://github.com/koalaman/shellcheck/releases/download/v0.11.0/shellcheck-v0.11.0.linux.aarch64.tar.xz"
url_api = "https://api.github.com/repos/koalaman/shellcheck/releases/assets/279056934"

[tools."aqua:koalaman/shellcheck"."platforms.linux-arm64-musl"]
checksum = "sha256:12b331c1d2db6b9eb13cfca64306b1b157a86eb69db83023e261eaa7e7c14588"
url = "https://github.com/koalaman/shellcheck/releases/download/v0.11.0/shellcheck-v0.11.0.linux.aarch64.tar.xz"
url_api = "https://api.github.com/repos/koalaman/shellcheck/releases/assets/279056934"

[tools."aqua:koalaman/shellcheck"."platforms.linux-x64"]
checksum = "sha256:8c3be12b05d5c177a04c29e3c78ce89ac86f1595681cab149b65b97c4e227198"
url = "https://github.com/koalaman/shellcheck/releases/download/v0.11.0/shellcheck-v0.11.0.linux.x86_64.tar.xz"
url_api = "https://api.github.com/repos/koalaman/shellcheck/releases/assets/279056942"

[tools."aqua:koalaman/shellcheck"."platforms.linux-x64-baseline"]
checksum = "sha256:8c3be12b05d5c177a04c29e3c78ce89ac86f1595681cab149b65b97c4e227198"
url = "https://github.com/koalaman/shellcheck/releases/download/v0.11.0/shellcheck-v0.11.0.linux.x86_64.tar.xz"
url_api = "https://api.github.com/repos/koalaman/shellcheck/releases/assets/279056942"

[tools."aqua:koalaman/shellcheck"."platforms.linux-x64-musl"]
checksum = "sha256:8c3be12b05d5c177a04c29e3c78ce89ac86f1595681cab149b65b97c4e227198"
url = "https://github.com/koalaman/shellcheck/releases/download/v0.11.0/shellcheck-v0.11.0.linux.x86_64.tar.xz"
url_api = "https://api.github.com/repos/koalaman/shellcheck/releases/assets/279056942"

[tools."aqua:koalaman/shellcheck"."platforms.linux-x64-musl-baseline"]
checksum = "sha256:8c3be12b05d5c177a04c29e3c78ce89ac86f1595681cab149b65b97c4e227198"
url = "https://github.com/koalaman/shellcheck/releases/download/v0.11.0/shellcheck-v0.11.0.linux.x86_64.tar.xz"
url_api = "https://api.github.com/repos/koalaman/shellcheck/releases/assets/279056942"

[tools."aqua:koalaman/shellcheck"."platforms.macos-arm64"]
checksum = "sha256:56affdd8de5527894dca6dc3d7e0a99a873b0f004d7aabc30ae407d3f48b0a79"
url = "https://github.com/koalaman/shellcheck/releases/download/v0.11.0/shellcheck-v0.11.0.darwin.aarch64.tar.xz"
url_api = "https://api.github.com/repos/koalaman/shellcheck/releases/assets/279056932"

[tools."aqua:koalaman/shellcheck"."platforms.macos-x64"]
checksum = "sha256:3c89db4edcab7cf1c27bff178882e0f6f27f7afdf54e859fa041fca10febe4c6"
url = "https://github.com/koalaman/shellcheck/releases/download/v0.11.0/shellcheck-v0.11.0.darwin.x86_64.tar.xz"
url_api = "https://api.github.com/repos/koalaman/shellcheck/releases/assets/279056930"

[tools."aqua:koalaman/shellcheck"."platforms.macos-x64-baseline"]
checksum = "sha256:3c89db4edcab7cf1c27bff178882e0f6f27f7afdf54e859fa041fca10febe4c6"
url = "https://github.com/koalaman/shellcheck/releases/download/v0.11.0/shellcheck-v0.11.0.darwin.x86_64.tar.xz"
url_api = "https://api.github.com/repos/koalaman/shellcheck/releases/assets/279056930"

[tools."aqua:koalaman/shellcheck"."platforms.windows-x64"]
checksum = "sha256:8a4e35ab0b331c85d73567b12f2a444df187f483e5079ceffa6bda1faa2e740e"
url = "https://github.com/koalaman/shellcheck/releases/download/v0.11.0/shellcheck-v0.11.0.zip"
url_api = "https://api.github.com/repos/koalaman/shellcheck/releases/assets/279056944"

[tools."aqua:koalaman/shellcheck"."platforms.windows-x64-baseline"]
checksum = "sha256:8a4e35ab0b331c85d73567b12f2a444df187f483e5079ceffa6bda1faa2e740e"
url = "https://github.com/koalaman/shellcheck/releases/download/v0.11.0/shellcheck-v0.11.0.zip"
url_api = "https://api.github.com/repos/koalaman/shellcheck/releases/assets/279056944"

[[tools.bun]]
version = "1.3.2"
backend = "core:bun"

[tools.bun."platforms.linux-arm64"]
checksum = "sha256:fe38c13b6b6b450af4e4f0fb8e04b22eca53f9cd71068d1d1eebf4f4a44f02fb"
url = "https://github.com/oven-sh/bun/releases/download/bun-v1.3.2/bun-linux-aarch64.zip"

[tools.bun."platforms.linux-arm64-musl"]
checksum = "sha256:baba9472d8fe0283c7b993fd67fd910540f7608c860ed328fa331c4d0c0dbe54"
url = "https://github.com/oven-sh/bun/releases/download/bun-v1.3.2/bun-linux-aarch64-musl.zip"

[tools.bun."platforms.linux-x64"]
checksum = "sha256:0cb56a4484bd7764a3eef9b9e67ab457840981287b46794974d1e6612cbf6709"
url = "https://github.com/oven-sh/bun/releases/download/bun-v1.3.2/bun-linux-x64.zip"

[tools.bun."platforms.linux-x64-baseline"]
checksum = "sha256:7ff09a4a519e8206d60d7b763072cbf3642f8370690165586d303faf21692172"
url = "https://github.com/oven-sh/bun/releases/download/bun-v1.3.2/bun-linux-x64-baseline.zip"

[tools.bun."platforms.linux-x64-musl"]
checksum = "sha256:6e777365098755ab5169d1a6092b6ae18761f4a6e4a32365252ad989e494885a"
url = "https://github.com/oven-sh/bun/releases/download/bun-v1.3.2/bun-linux-x64-musl.zip"

[tools.bun."platforms.linux-x64-musl-baseline"]
checksum = "sha256:ddfb1994a0480dab966b022e08242bf4f59b4417e83213b4a2a30560d11e1fd4"
url = "https://github.com/oven-sh/bun/releases/download/bun-v1.3.2/bun-linux-x64-musl-baseline.zip"

[tools.bun."platforms.macos-arm64"]
checksum = "sha256:d85847982db574518130a45582bcf14d8e2be9610b66cb5046c20348578b0fe2"
url = "https://github.com/oven-sh/bun/releases/download/bun-v1.3.2/bun-darwin-aarch64.zip"

[tools.bun."platforms.macos-x64"]
checksum = "sha256:78d4f0c8637427ac0be55639a697ff6a025e8eb940a6920ca508603c41a5a7b0"
url = "https://github.com/oven-sh/bun/releases/download/bun-v1.3.2/bun-darwin-x64.zip"

[tools.bun."platforms.macos-x64-baseline"]
checksum = "sha256:2d6dda2c3f57a7a9bba8525d51c4006e3d8cecc4b6ad33ff69ee076606c137bc"
url = "https://github.com/oven-sh/bun/releases/download/bun-v1.3.2/bun-darwin-x64-baseline.zip"

[tools.bun."platforms.windows-x64"]
checksum = "sha256:5e73b4eba0cc09085df141e1167609b100570f1a0d538d87f9b9c0da54af58d6"
url = "https://github.com/oven-sh/bun/releases/download/bun-v1.3.2/bun-windows-x64.zip"

[tools.bun."platforms.windows-x64-baseline"]
checksum = "sha256:9b26588d177a27f3c170f6549a8ba8e6458b0ee97b9b5c891ebdf4dbe6a6cb6c"
url = "https://github.com/oven-sh/bun/releases/download/bun-v1.3.2/bun-windows-x64-baseline.zip"

[[tools.elixir]]
version = "1.18.4-otp-28"
backend = "core:elixir"

[tools.elixir."platforms.linux-arm64"]
checksum = "sha256:cbd98899abdd4b1243d8ea6dae7258f9bc71cc2dcb55b8f9c241b07f04b3de67"
url = "https://builds.hex.pm/builds/elixir/v1.18.4-otp-28.zip"

[tools.elixir."platforms.linux-arm64-musl"]
checksum = "sha256:cbd98899abdd4b1243d8ea6dae7258f9bc71cc2dcb55b8f9c241b07f04b3de67"
url = "https://builds.hex.pm/builds/elixir/v1.18.4-otp-28.zip"

[tools.elixir."platforms.linux-x64"]
checksum = "sha256:cbd98899abdd4b1243d8ea6dae7258f9bc71cc2dcb55b8f9c241b07f04b3de67"
url = "https://builds.hex.pm/builds/elixir/v1.18.4-otp-28.zip"

[tools.elixir."platforms.linux-x64-baseline"]
checksum = "sha256:cbd98899abdd4b1243d8ea6dae7258f9bc71cc2dcb55b8f9c241b07f04b3de67"
url = "https://builds.hex.pm/builds/elixir/v1.18.4-otp-28.zip"

[tools.elixir."platforms.linux-x64-musl"]
checksum = "sha256:cbd98899abdd4b1243d8ea6dae7258f9bc71cc2dcb55b8f9c241b07f04b3de67"
url = "https://builds.hex.pm/builds/elixir/v1.18.4-otp-28.zip"

[tools.elixir."platforms.linux-x64-musl-baseline"]
checksum = "sha256:cbd98899abdd4b1243d8ea6dae7258f9bc71cc2dcb55b8f9c241b07f04b3de67"
url = "https://builds.hex.pm/builds/elixir/v1.18.4-otp-28.zip"

[tools.elixir."platforms.macos-arm64"]
checksum = "sha256:cbd98899abdd4b1243d8ea6dae7258f9bc71cc2dcb55b8f9c241b07f04b3de67"
url = "https://builds.hex.pm/builds/elixir/v1.18.4-otp-28.zip"

[tools.elixir."platforms.macos-x64"]
checksum = "sha256:cbd98899abdd4b1243d8ea6dae7258f9bc71cc2dcb55b8f9c241b07f04b3de67"
url = "https://builds.hex.pm/builds/elixir/v1.18.4-otp-28.zip"

[tools.elixir."platforms.macos-x64-baseline"]
checksum = "sha256:cbd98899abdd4b1243d8ea6dae7258f9bc71cc2dcb55b8f9c241b07f04b3de67"
url = "https://builds.hex.pm/builds/elixir/v1.18.4-otp-28.zip"

[tools.elixir."platforms.windows-x64"]
checksum = "sha256:cbd98899abdd4b1243d8ea6dae7258f9bc71cc2dcb55b8f9c241b07f04b3de67"
url = "https://builds.hex.pm/builds/elixir/v1.18.4-otp-28.zip"

[tools.elixir."platforms.windows-x64-baseline"]
checksum = "sha256:cbd98899abdd4b1243d8ea6dae7258f9bc71cc2dcb55b8f9c241b07f04b3de67"
url = "https://builds.hex.pm/builds/elixir/v1.18.4-otp-28.zip"

[[tools.erlang]]
version = "28.5"
backend = "core:erlang"

[tools.erlang."platforms.linux-arm64-musl"]
checksum = "sha256:2c7e8ca23e6864eb20eff5d44738bfa123aed8cd21ed6d98e533d751eee28d9c"
url = "https://github.com/erlang/otp/releases/download/OTP-28.5/otp_src_28.5.tar.gz"
url_api = "https://api.github.com/repos/erlang/otp/releases/assets/403501100"
install = "source"

[tools.erlang."platforms.linux-x64-musl"]
checksum = "sha256:2c7e8ca23e6864eb20eff5d44738bfa123aed8cd21ed6d98e533d751eee28d9c"
url = "https://github.com/erlang/otp/releases/download/OTP-28.5/otp_src_28.5.tar.gz"
url_api = "https://api.github.com/repos/erlang/otp/releases/assets/403501100"
install = "source"

[tools.erlang."platforms.linux-x64-musl-baseline"]
checksum = "sha256:2c7e8ca23e6864eb20eff5d44738bfa123aed8cd21ed6d98e533d751eee28d9c"
url = "https://github.com/erlang/otp/releases/download/OTP-28.5/otp_src_28.5.tar.gz"
url_api = "https://api.github.com/repos/erlang/otp/releases/assets/403501100"
install = "source"

[tools.erlang."platforms.macos-arm64"]
checksum = "sha256:f365335cf6c705b52557f4d3a4c4058e2e689a0e58d822160688d0cc8a736b92"
url = "https://github.com/erlef/otp_builds/releases/download/OTP-28.5/otp-aarch64-apple-darwin.tar.gz"
url_api = "https://api.github.com/repos/erlef/otp_builds/releases/assets/403427927"

[tools.erlang."platforms.macos-x64"]
checksum = "sha256:ded695f1d49c9e251b2afa0205dfdcb8ee16b4432aa1d5ffb38c6ee155bf7f6f"
url = "https://github.com/erlef/otp_builds/releases/download/OTP-28.5/otp-x86_64-apple-darwin.tar.gz"
url_api = "https://api.github.com/repos/erlef/otp_builds/releases/assets/403435001"

[tools.erlang."platforms.macos-x64-baseline"]
checksum = "sha256:ded695f1d49c9e251b2afa0205dfdcb8ee16b4432aa1d5ffb38c6ee155bf7f6f"
url = "https://github.com/erlef/otp_builds/releases/download/OTP-28.5/otp-x86_64-apple-darwin.tar.gz"
url_api = "https://api.github.com/repos/erlef/otp_builds/releases/assets/403435001"

[tools.erlang."platforms.windows-x64"]
checksum = "sha256:d3227232221e68aa8790666e915604269d5471b61792a5d78a043ac653351140"
url = "https://github.com/erlang/otp/releases/download/OTP-28.5/otp_win64_28.5.zip"
url_api = "https://api.github.com/repos/erlang/otp/releases/assets/403511532"

[tools.erlang."platforms.windows-x64-baseline"]
checksum = "sha256:d3227232221e68aa8790666e915604269d5471b61792a5d78a043ac653351140"
url = "https://github.com/erlang/otp/releases/download/OTP-28.5/otp_win64_28.5.zip"
url_api = "https://api.github.com/repos/erlang/otp/releases/assets/403511532"

[[tools.go]]
version = "1.25.5"
backend = "core:go"

[tools.go."platforms.linux-arm64"]
checksum = "sha256:b00b694903d126c588c378e72d3545549935d3982635ba3f7a964c9fa23fe3b9"
url = "https://dl.google.com/go/go1.25.5.linux-arm64.tar.gz"

[tools.go."platforms.linux-arm64-musl"]
checksum = "sha256:b00b694903d126c588c378e72d3545549935d3982635ba3f7a964c9fa23fe3b9"
url = "https://dl.google.com/go/go1.25.5.linux-arm64.tar.gz"

[tools.go."platforms.linux-x64"]
checksum = "sha256:9e9b755d63b36acf30c12a9a3fc379243714c1c6d3dd72861da637f336ebb35b"
url = "https://dl.google.com/go/go1.25.5.linux-amd64.tar.gz"

[tools.go."platforms.linux-x64-baseline"]
checksum = "sha256:9e9b755d63b36acf30c12a9a3fc379243714c1c6d3dd72861da637f336ebb35b"
url = "https://dl.google.com/go/go1.25.5.linux-amd64.tar.gz"

[tools.go."platforms.linux-x64-musl"]
checksum = "sha256:9e9b755d63b36acf30c12a9a3fc379243714c1c6d3dd72861da637f336ebb35b"
url = "https://dl.google.com/go/go1.25.5.linux-amd64.tar.gz"

[tools.go."platforms.linux-x64-musl-baseline"]
checksum = "sha256:9e9b755d63b36acf30c12a9a3fc379243714c1c6d3dd72861da637f336ebb35b"
url = "https://dl.google.com/go/go1.25.5.linux-amd64.tar.gz"

[tools.go."platforms.macos-arm64"]
checksum = "sha256:bed8ebe824e3d3b27e8471d1307f803fc6ab8e1d0eb7a4ae196979bd9b801dd3"
url = "https://dl.google.com/go/go1.25.5.darwin-arm64.tar.gz"

[tools.go."platforms.macos-x64"]
checksum = "sha256:b69d51bce599e5381a94ce15263ae644ec84667a5ce23d58dc2e63e2c12a9f56"
url = "https://dl.google.com/go/go1.25.5.darwin-amd64.tar.gz"

[tools.go."platforms.macos-x64-baseline"]
checksum = "sha256:b69d51bce599e5381a94ce15263ae644ec84667a5ce23d58dc2e63e2c12a9f56"
url = "https://dl.google.com/go/go1.25.5.darwin-amd64.tar.gz"

[tools.go."platforms.windows-x64"]
checksum = "sha256:ae756cce1cb80c819b4fe01b0353807178f532211b47f72d7fa77949de054ebb"
url = "https://dl.google.com/go/go1.25.5.windows-amd64.zip"

[tools.go."platforms.windows-x64-baseline"]
checksum = "sha256:ae756cce1cb80c819b4fe01b0353807178f532211b47f72d7fa77949de054ebb"
url = "https://dl.google.com/go/go1.25.5.windows-amd64.zip"

[[tools."go:mvdan.cc/sh/v3/cmd/shfmt"]]
version = "3.13.1"
backend = "go:mvdan.cc/sh/v3/cmd/shfmt"

[[tools.java]]
version = "temurin-21.0.12+8.0.LTS"
backend = "core:java"

[tools.java."platforms.linux-arm64"]
checksum = "sha256:eba38e871b02d407897bfe017ea35352dfc1420ef6d2112425b0c67325ca509d"
url = "https://github.com/adoptium/temurin21-binaries/releases/download/jdk-21.0.12%2B8/OpenJDK21U-jdk_aarch64_linux_hotspot_21.0.12_8.tar.gz"

[tools.java."platforms.linux-arm64-musl"]
checksum = "sha256:a32f7655011640ed8fb4347fffa2588cb7538de2f2e82027845816740560e2b1"
url = "https://github.com/adoptium/temurin21-binaries/releases/download/jdk-21.0.12%2B8/OpenJDK21U-jdk_aarch64_alpine-linux_hotspot_21.0.12_8.tar.gz"

[tools.java."platforms.linux-x64"]
checksum = "sha256:e4446ff06a276155697597cc0f1b15da004ff083f4964a35271ecee567177370"
url = "https://github.com/adoptium/temurin21-binaries/releases/download/jdk-21.0.12%2B8/OpenJDK21U-jdk_x64_linux_hotspot_21.0.12_8.tar.gz"

[tools.java."platforms.linux-x64-baseline"]
checksum = "sha256:e4446ff06a276155697597cc0f1b15da004ff083f4964a35271ecee567177370"
url = "https://github.com/adoptium/temurin21-binaries/releases/download/jdk-21.0.12%2B8/OpenJDK21U-jdk_x64_linux_hotspot_21.0.12_8.tar.gz"

[tools.java."platforms.linux-x64-musl"]
checksum = "sha256:073a48cb87f788a0cb283d81cc6d96cbc9d671d6a60a3ba6de62e66f0ea9dd47"
url = "https://github.com/adoptium/temurin21-binaries/releases/download/jdk-21.0.12%2B8/OpenJDK21U-jdk_x64_alpine-linux_hotspot_21.0.12_8.tar.gz"

[tools.java."platforms.linux-x64-musl-baseline"]
checksum = "sha256:073a48cb87f788a0cb283d81cc6d96cbc9d671d6a60a3ba6de62e66f0ea9dd47"
url = "https://github.com/adoptium/temurin21-binaries/releases/download/jdk-21.0.12%2B8/OpenJDK21U-jdk_x64_alpine-linux_hotspot_21.0.12_8.tar.gz"

[tools.java."platforms.macos-arm64"]
checksum = "sha256:021d629349ebc12a409faa517b837ec80ceee8f58a5ac85c788ecad07ca6881c"
url = "https://github.com/adoptium/temurin21-binaries/releases/download/jdk-21.0.12%2B8/OpenJDK21U-jdk_aarch64_mac_hotspot_21.0.12_8.tar.gz"

[tools.java."platforms.macos-x64"]
checksum = "sha256:6b85c260eea574a995eacd0b3ee23c8042aa93b23a08e6478edafca0a0333d7f"
url = "https://github.com/adoptium/temurin21-binaries/releases/download/jdk-21.0.12%2B8/OpenJDK21U-jdk_x64_mac_hotspot_21.0.12_8.tar.gz"

[tools.java."platforms.macos-x64-baseline"]
checksum = "sha256:6b85c260eea574a995eacd0b3ee23c8042aa93b23a08e6478edafca0a0333d7f"
url = "https://github.com/adoptium/temurin21-binaries/releases/download/jdk-21.0.12%2B8/OpenJDK21U-jdk_x64_mac_hotspot_21.0.12_8.tar.gz"

[tools.java."platforms.windows-x64"]
checksum = "sha256:9ba963ee2371874a74185d18bc7bb2ab9407df7683300855ed7606e0662321d0"
url = "https://github.com/adoptium/temurin21-binaries/releases/download/jdk-21.0.12%2B8/OpenJDK21U-jdk_x64_windows_hotspot_21.0.12_8.zip"

[tools.java."platforms.windows-x64-baseline"]
checksum = "sha256:9ba963ee2371874a74185d18bc7bb2ab9407df7683300855ed7606e0662321d0"
url = "https://github.com/adoptium/temurin21-binaries/releases/download/jdk-21.0.12%2B8/OpenJDK21U-jdk_x64_windows_hotspot_21.0.12_8.zip"

[[tools.node]]
version = "24.15.0"
backend = "core:node"

[tools.node."platforms.linux-arm64"]
checksum = "sha256:73afc234d558c24919875f51c2d1ea002a2ada4ea6f83601a383869fefa64eed"
url = "https://nodejs.org/dist/v24.15.0/node-v24.15.0-linux-arm64.tar.gz"

[tools.node."platforms.linux-arm64-musl"]
checksum = "sha256:31e98aa960a067da91edffd5d93bc46657b5d2a8029612c359f5f2ac0060152a"
url = "https://unofficial-builds.nodejs.org/download/release/v24.15.0/node-v24.15.0-linux-arm64-musl.tar.gz"

[tools.node."platforms.linux-x64"]
checksum = "sha256:44836872d9aec49f1e6b52a9a922872db9a2b02d235a616a5681b6a85fec8d89"
url = "https://nodejs.org/dist/v24.15.0/node-v24.15.0-linux-x64.tar.gz"

[tools.node."platforms.linux-x64-baseline"]
checksum = "sha256:44836872d9aec49f1e6b52a9a922872db9a2b02d235a616a5681b6a85fec8d89"
url = "https://nodejs.org/dist/v24.15.0/node-v24.15.0-linux-x64.tar.gz"

[tools.node."platforms.linux-x64-musl"]
checksum = "sha256:f55af5bd489c5347b113ca6594cae00a54b30ba57ac5875324311bfc6f4762e3"
url = "https://unofficial-builds.nodejs.org/download/release/v24.15.0/node-v24.15.0-linux-x64-musl.tar.gz"

[tools.node."platforms.linux-x64-musl-baseline"]
checksum = "sha256:f55af5bd489c5347b113ca6594cae00a54b30ba57ac5875324311bfc6f4762e3"
url = "https://unofficial-builds.nodejs.org/download/release/v24.15.0/node-v24.15.0-linux-x64-musl.tar.gz"

[tools.node."platforms.macos-arm64"]
checksum = "sha256:372331b969779ab5d15b949884fc6eaf88d5afe87bde8ba881d6400b9100ffc4"
url = "https://nodejs.org/dist/v24.15.0/node-v24.15.0-darwin-arm64.tar.gz"

[tools.node."platforms.macos-x64"]
checksum = "sha256:ffd5ee293467927f3ee731a553eb88fd1f48cf74eebc2d74a6babe4af228673b"
url = "https://nodejs.org/dist/v24.15.0/node-v24.15.0-darwin-x64.tar.gz"

[tools.node."platforms.macos-x64-baseline"]
checksum = "sha256:ffd5ee293467927f3ee731a553eb88fd1f48cf74eebc2d74a6babe4af228673b"
url = "https://nodejs.org/dist/v24.15.0/node-v24.15.0-darwin-x64.tar.gz"

[tools.node."platforms.windows-x64"]
checksum = "sha256:cc5149eabd53779ce1e7bdc5401643622d0c7e6800ade18928a767e940bb0e62"
url = "https://nodejs.org/dist/v24.15.0/node-v24.15.0-win-x64.zip"

[tools.node."platforms.windows-x64-baseline"]
checksum = "sha256:cc5149eabd53779ce1e7bdc5401643622d0c7e6800ade18928a767e940bb0e62"
url = "https://nodejs.org/dist/v24.15.0/node-v24.15.0-win-x64.zip"

[[tools."npm:@agentclientprotocol/claude-agent-acp"]]
version = "0.65.0"
backend = "npm:@agentclientprotocol/claude-agent-acp"

[[tools."npm:@agentclientprotocol/codex-acp"]]
version = "1.1.13"
backend = "npm:@agentclientprotocol/codex-acp"

[[tools."npm:@anthropic-ai/claude-code"]]
version = "2.1.223"
backend = "npm:@anthropic-ai/claude-code"

[[tools."npm:@colbymchenry/codegraph"]]
version = "1.5.0"
backend = "npm:@colbymchenry/codegraph"

[[tools."npm:@earendil-works/pi-coding-agent"]]
version = "0.84.0"
backend = "npm:@earendil-works/pi-coding-agent"

[[tools."npm:@openai/codex"]]
version = "0.146.1"
backend = "npm:@openai/codex"

[[tools."npm:eas-cli"]]
version = "16.28.0"
backend = "npm:eas-cli"

[[tools."npm:neonctl"]]
version = "3.6.0"
backend = "npm:neonctl"

[[tools."npm:ocx"]]
version = "2.0.14"
backend = "npm:ocx"

[[tools."npm:opencode-ai"]]
version = "1.18.18"
backend = "npm:opencode-ai"

[[tools."npm:skills"]]
version = "1.5.21"
backend = "npm:skills"

[[tools."npm:wrangler"]]
version = "4.119.0"
backend = "npm:wrangler"

[[tools."pipx:aider-chat"]]
version = "0.86.2"
backend = "pipx:aider-chat"

[tools."pipx:aider-chat".options]
uvx_args = "--python /opt/homebrew/bin/python3.12"

[[tools."pipx:kimi-cli"]]
version = "1.49.0"
backend = "pipx:kimi-cli"

[[tools."pipx:mdformat"]]
version = "1.0.0"
backend = "pipx:mdformat"

[tools."pipx:mdformat".options]
uvx_args = "--with mdformat-gfm --with mdformat-frontmatter"

[[tools.pnpm]]
version = "10.23.0"
backend = "aqua:pnpm/pnpm"

[tools.pnpm."platforms.linux-arm64"]
checksum = "sha256:b9de8dcc72dc6f23d69b64ee63dd1c4c75f35f5eaaa8e9cbeaec5849d66b70b0"
url = "https://github.com/pnpm/pnpm/releases/download/v10.23.0/pnpm-linux-arm64"
url_api = "https://api.github.com/repos/pnpm/pnpm/releases/assets/318814034"

[tools.pnpm."platforms.linux-arm64-musl"]
checksum = "sha256:b9de8dcc72dc6f23d69b64ee63dd1c4c75f35f5eaaa8e9cbeaec5849d66b70b0"
url = "https://github.com/pnpm/pnpm/releases/download/v10.23.0/pnpm-linux-arm64"
url_api = "https://api.github.com/repos/pnpm/pnpm/releases/assets/318814034"

[tools.pnpm."platforms.linux-x64"]
checksum = "sha256:6e5f25fad67ba1b4fe1050c8992ced33ce8689245a834ddec149940a20c2be5c"
url = "https://github.com/pnpm/pnpm/releases/download/v10.23.0/pnpm-linux-x64"
url_api = "https://api.github.com/repos/pnpm/pnpm/releases/assets/318814039"

[tools.pnpm."platforms.linux-x64-baseline"]
checksum = "sha256:6e5f25fad67ba1b4fe1050c8992ced33ce8689245a834ddec149940a20c2be5c"
url = "https://github.com/pnpm/pnpm/releases/download/v10.23.0/pnpm-linux-x64"
url_api = "https://api.github.com/repos/pnpm/pnpm/releases/assets/318814039"

[tools.pnpm."platforms.linux-x64-musl"]
checksum = "sha256:6e5f25fad67ba1b4fe1050c8992ced33ce8689245a834ddec149940a20c2be5c"
url = "https://github.com/pnpm/pnpm/releases/download/v10.23.0/pnpm-linux-x64"
url_api = "https://api.github.com/repos/pnpm/pnpm/releases/assets/318814039"

[tools.pnpm."platforms.linux-x64-musl-baseline"]
checksum = "sha256:6e5f25fad67ba1b4fe1050c8992ced33ce8689245a834ddec149940a20c2be5c"
url = "https://github.com/pnpm/pnpm/releases/download/v10.23.0/pnpm-linux-x64"
url_api = "https://api.github.com/repos/pnpm/pnpm/releases/assets/318814039"

[tools.pnpm."platforms.macos-arm64"]
checksum = "sha256:aebc1cf4550d8ee3010a6cb42aeefc094ff2d1904fc0f59e9c906351a6b0f620"
url = "https://github.com/pnpm/pnpm/releases/download/v10.23.0/pnpm-macos-arm64"
url_api = "https://api.github.com/repos/pnpm/pnpm/releases/assets/318814036"

[tools.pnpm."platforms.macos-x64"]
checksum = "sha256:9f34db0296ab4e92514cfe6648c3037cf3b9bbbb906873831b7f8372cb4a610c"
url = "https://github.com/pnpm/pnpm/releases/download/v10.23.0/pnpm-macos-x64"
url_api = "https://api.github.com/repos/pnpm/pnpm/releases/assets/318814033"

[tools.pnpm."platforms.macos-x64-baseline"]
checksum = "sha256:9f34db0296ab4e92514cfe6648c3037cf3b9bbbb906873831b7f8372cb4a610c"
url = "https://github.com/pnpm/pnpm/releases/download/v10.23.0/pnpm-macos-x64"
url_api = "https://api.github.com/repos/pnpm/pnpm/releases/assets/318814033"

[tools.pnpm."platforms.windows-x64"]
checksum = "sha256:f21a094f628ab710be8555c61aea67697ed0a563dbd78d7a91d902e4cd4db6a6"
url = "https://github.com/pnpm/pnpm/releases/download/v10.23.0/pnpm-win-x64.exe"
url_api = "https://api.github.com/repos/pnpm/pnpm/releases/assets/318814032"

[tools.pnpm."platforms.windows-x64-baseline"]
checksum = "sha256:f21a094f628ab710be8555c61aea67697ed0a563dbd78d7a91d902e4cd4db6a6"
url = "https://github.com/pnpm/pnpm/releases/download/v10.23.0/pnpm-win-x64.exe"
url_api = "https://api.github.com/repos/pnpm/pnpm/releases/assets/318814032"

[[tools.python]]
version = "3.14.0"
backend = "core:python"

[tools.python."platforms.linux-arm64"]
checksum = "sha256:7603b1905e5d280191b2146599474fe35da0833c81a09512c28b9b77e651812d"
url = "https://github.com/astral-sh/python-build-standalone/releases/download/20251120/cpython-3.14.0+20251120-aarch64-unknown-linux-gnu-install_only_stripped.tar.gz"
provenance = "github-attestations"

[tools.python."platforms.linux-arm64-musl"]
checksum = "sha256:8306cc5379558f212c9adceeee13680d81adafb1d4f1b39dcabee975b75c665c"
url = "https://github.com/astral-sh/python-build-standalone/releases/download/20251120/cpython-3.14.0+20251120-aarch64-unknown-linux-musl-install_only_stripped.tar.gz"
provenance = "github-attestations"

[tools.python."platforms.linux-x64"]
checksum = "sha256:66f385305ae0eefd6b65e2cf942bc91d943a61e26fb7581e029f760a2b04f393"
url = "https://github.com/astral-sh/python-build-standalone/releases/download/20251120/cpython-3.14.0+20251120-x86_64-unknown-linux-gnu-install_only_stripped.tar.gz"
provenance = "github-attestations"

[tools.python."platforms.linux-x64-baseline"]
checksum = "sha256:66f385305ae0eefd6b65e2cf942bc91d943a61e26fb7581e029f760a2b04f393"
url = "https://github.com/astral-sh/python-build-standalone/releases/download/20251120/cpython-3.14.0+20251120-x86_64-unknown-linux-gnu-install_only_stripped.tar.gz"
provenance = "github-attestations"

[tools.python."platforms.linux-x64-musl"]
checksum = "sha256:f83c9ed9e63a1584f3fd7f9bedc61ff783cb5210cee5b2f9db0b44d96fbe3b90"
url = "https://github.com/astral-sh/python-build-standalone/releases/download/20251120/cpython-3.14.0+20251120-x86_64-unknown-linux-musl-install_only_stripped.tar.gz"
provenance = "github-attestations"

[tools.python."platforms.linux-x64-musl-baseline"]
checksum = "sha256:f83c9ed9e63a1584f3fd7f9bedc61ff783cb5210cee5b2f9db0b44d96fbe3b90"
url = "https://github.com/astral-sh/python-build-standalone/releases/download/20251120/cpython-3.14.0+20251120-x86_64-unknown-linux-musl-install_only_stripped.tar.gz"
provenance = "github-attestations"

[tools.python."platforms.macos-arm64"]
checksum = "sha256:5995f024e9c95ccbc87b9bb97152ad1ec9efcf9d76e0574cd37dd946afbea3c6"
url = "https://github.com/astral-sh/python-build-standalone/releases/download/20251120/cpython-3.14.0+20251120-aarch64-apple-darwin-install_only_stripped.tar.gz"
provenance = "github-attestations"

[tools.python."platforms.macos-x64"]
checksum = "sha256:eb0a5915f58c3dcb64d587e951f8942e6c9c6af63fab8bbb5596d1ce5738c2a4"
url = "https://github.com/astral-sh/python-build-standalone/releases/download/20251120/cpython-3.14.0+20251120-x86_64-apple-darwin-install_only_stripped.tar.gz"
provenance = "github-attestations"

[tools.python."platforms.macos-x64-baseline"]
checksum = "sha256:eb0a5915f58c3dcb64d587e951f8942e6c9c6af63fab8bbb5596d1ce5738c2a4"
url = "https://github.com/astral-sh/python-build-standalone/releases/download/20251120/cpython-3.14.0+20251120-x86_64-apple-darwin-install_only_stripped.tar.gz"
provenance = "github-attestations"

[tools.python."platforms.windows-x64"]
checksum = "sha256:42a45020cff6a33e0d4f38f63d68c81240f0efa765e1e5a23693fb4c4a9f5e9a"
url = "https://github.com/astral-sh/python-build-standalone/releases/download/20251120/cpython-3.14.0+20251120-x86_64-pc-windows-msvc-install_only_stripped.tar.gz"
provenance = "github-attestations"

[tools.python."platforms.windows-x64-baseline"]
checksum = "sha256:42a45020cff6a33e0d4f38f63d68c81240f0efa765e1e5a23693fb4c4a9f5e9a"
url = "https://github.com/astral-sh/python-build-standalone/releases/download/20251120/cpython-3.14.0+20251120-x86_64-pc-windows-msvc-install_only_stripped.tar.gz"
provenance = "github-attestations"

[[tools.ruby]]
version = "3.4.10"
backend = "core:ruby"

[tools.ruby."platforms.windows-x64"]
checksum = "sha256:89e3c5e235ac88b9b7e8daaf639eaaab74d7c470667354f6bf0f7432f3191ebb"
url = "https://github.com/oneclick/rubyinstaller2/releases/download/RubyInstaller-3.4.10-1/rubyinstaller-3.4.10-1-x64.7z"

[tools.ruby."platforms.windows-x64-baseline"]
checksum = "sha256:89e3c5e235ac88b9b7e8daaf639eaaab74d7c470667354f6bf0f7432f3191ebb"
url = "https://github.com/oneclick/rubyinstaller2/releases/download/RubyInstaller-3.4.10-1/rubyinstaller-3.4.10-1-x64.7z"

[[tools.ruby]]
version = "3.4.10"
backend = "core:ruby"

[tools.ruby.options]
compile = "false"
precompiled_url = "jdx/ruby"
ruby_build_repo = "https://github.com/rbenv/ruby-build.git"
ruby_install = "false"

[tools.ruby."platforms.linux-arm64"]
checksum = "sha256:c0a3e9f1d7847e66b044aeeab394ba5d41f63c3da7ad99017c4b2578e31b205a"
url = "https://github.com/jdx/ruby/releases/download/3.4.10-2/ruby-3.4.10.arm64_linux.tar.gz"
provenance = "github-attestations"

[tools.ruby."platforms.linux-arm64-musl"]
checksum = "sha256:c0a3e9f1d7847e66b044aeeab394ba5d41f63c3da7ad99017c4b2578e31b205a"
url = "https://github.com/jdx/ruby/releases/download/3.4.10-2/ruby-3.4.10.arm64_linux.tar.gz"
provenance = "github-attestations"

[tools.ruby."platforms.linux-x64"]
checksum = "sha256:81ce58b056ee2765e46785b4c6befb9852d9c3e50ff9385e7eb1cf3e0314d0bd"
url = "https://github.com/jdx/ruby/releases/download/3.4.10-2/ruby-3.4.10.x86_64_linux.tar.gz"
provenance = "github-attestations"

[tools.ruby."platforms.linux-x64-baseline"]
checksum = "sha256:81ce58b056ee2765e46785b4c6befb9852d9c3e50ff9385e7eb1cf3e0314d0bd"
url = "https://github.com/jdx/ruby/releases/download/3.4.10-2/ruby-3.4.10.x86_64_linux.tar.gz"
provenance = "github-attestations"

[tools.ruby."platforms.linux-x64-musl"]
checksum = "sha256:81ce58b056ee2765e46785b4c6befb9852d9c3e50ff9385e7eb1cf3e0314d0bd"
url = "https://github.com/jdx/ruby/releases/download/3.4.10-2/ruby-3.4.10.x86_64_linux.tar.gz"
provenance = "github-attestations"

[tools.ruby."platforms.linux-x64-musl-baseline"]
checksum = "sha256:81ce58b056ee2765e46785b4c6befb9852d9c3e50ff9385e7eb1cf3e0314d0bd"
url = "https://github.com/jdx/ruby/releases/download/3.4.10-2/ruby-3.4.10.x86_64_linux.tar.gz"
provenance = "github-attestations"

[tools.ruby."platforms.macos-arm64"]
checksum = "sha256:5aac8b6e16b0938a14f6d23346b5487020d1fea6b5856a33392e5eb37fa1ef62"
url = "https://github.com/jdx/ruby/releases/download/3.4.10-2/ruby-3.4.10.macos.tar.gz"
provenance = "github-attestations"

[tools.ruby."platforms.macos-x64"]
checksum = "sha256:ecee2d072a14f2d14347dd56dfd8fe5c3130abf5117bfaacbda0f4ef9cc429ec"
url = "https://cache.ruby-lang.org/pub/ruby/3.4/ruby-3.4.10.tar.gz"

[tools.ruby."platforms.macos-x64-baseline"]
checksum = "sha256:ecee2d072a14f2d14347dd56dfd8fe5c3130abf5117bfaacbda0f4ef9cc429ec"
url = "https://cache.ruby-lang.org/pub/ruby/3.4/ruby-3.4.10.tar.gz"

[[tools.rust]]
version = "1.91.1"
backend = "core:rust"

[[tools.terraform]]
version = "1.14.0"
backend = "aqua:hashicorp/terraform"

[tools.terraform."platforms.linux-arm64"]
checksum = "sha256:23d5e9b3f4014f18f85e242a5a8bbaf6d31b058a31d93580e5fe5da644bf8013"
url = "https://releases.hashicorp.com/terraform/1.14.0/terraform_1.14.0_linux_arm64.zip"

[tools.terraform."platforms.linux-arm64-musl"]
checksum = "sha256:23d5e9b3f4014f18f85e242a5a8bbaf6d31b058a31d93580e5fe5da644bf8013"
url = "https://releases.hashicorp.com/terraform/1.14.0/terraform_1.14.0_linux_arm64.zip"

[tools.terraform."platforms.linux-x64"]
checksum = "sha256:33ac217458ba8b44ce2813553083bc132c9a07e41a79c2e3627977682d283093"
url = "https://releases.hashicorp.com/terraform/1.14.0/terraform_1.14.0_linux_amd64.zip"

[tools.terraform."platforms.linux-x64-baseline"]
checksum = "sha256:33ac217458ba8b44ce2813553083bc132c9a07e41a79c2e3627977682d283093"
url = "https://releases.hashicorp.com/terraform/1.14.0/terraform_1.14.0_linux_amd64.zip"

[tools.terraform."platforms.linux-x64-musl"]
checksum = "sha256:33ac217458ba8b44ce2813553083bc132c9a07e41a79c2e3627977682d283093"
url = "https://releases.hashicorp.com/terraform/1.14.0/terraform_1.14.0_linux_amd64.zip"

[tools.terraform."platforms.linux-x64-musl-baseline"]
checksum = "sha256:33ac217458ba8b44ce2813553083bc132c9a07e41a79c2e3627977682d283093"
url = "https://releases.hashicorp.com/terraform/1.14.0/terraform_1.14.0_linux_amd64.zip"

[tools.terraform."platforms.macos-arm64"]
checksum = "sha256:57fde1cc2534a7e8c48aaae2ad2954084502852c25d731fc957e4b831f75e16e"
url = "https://releases.hashicorp.com/terraform/1.14.0/terraform_1.14.0_darwin_arm64.zip"

[tools.terraform."platforms.macos-x64"]
checksum = "sha256:bcb92ac63ab038ed633fe99a86553a9f4595d078dd607ad0b0145d7e65d153d1"
url = "https://releases.hashicorp.com/terraform/1.14.0/terraform_1.14.0_darwin_amd64.zip"

[tools.terraform."platforms.macos-x64-baseline"]
checksum = "sha256:bcb92ac63ab038ed633fe99a86553a9f4595d078dd607ad0b0145d7e65d153d1"
url = "https://releases.hashicorp.com/terraform/1.14.0/terraform_1.14.0_darwin_amd64.zip"

[tools.terraform."platforms.windows-x64"]
checksum = "sha256:6fb3806d0bb4682d8226997b24a1cfdfdc864113013342fcb22f681cdaaea4b2"
url = "https://releases.hashicorp.com/terraform/1.14.0/terraform_1.14.0_windows_amd64.zip"

[tools.terraform."platforms.windows-x64-baseline"]
checksum = "sha256:6fb3806d0bb4682d8226997b24a1cfdfdc864113013342fcb22f681cdaaea4b2"
url = "https://releases.hashicorp.com/terraform/1.14.0/terraform_1.14.0_windows_amd64.zip"

[[tools.uv]]
version = "0.11.12"
backend = "aqua:astral-sh/uv"

[tools.uv."platforms.linux-arm64"]
checksum = "sha256:b70e87f15f12d750d218042c4ed36e41de0757eab249d332ee2e242e4174b5d5"
url = "https://github.com/astral-sh/uv/releases/download/0.11.12/uv-aarch64-unknown-linux-musl.tar.gz"
url_api = "https://api.github.com/repos/astral-sh/uv/releases/assets/415611435"
provenance = "github-attestations"

[tools.uv."platforms.linux-arm64-musl"]
checksum = "sha256:b70e87f15f12d750d218042c4ed36e41de0757eab249d332ee2e242e4174b5d5"
url = "https://github.com/astral-sh/uv/releases/download/0.11.12/uv-aarch64-unknown-linux-musl.tar.gz"
url_api = "https://api.github.com/repos/astral-sh/uv/releases/assets/415611435"
provenance = "github-attestations"

[tools.uv."platforms.linux-x64"]
checksum = "sha256:591a7557f5ba7e51565f338dd4c50cebc12820ec2ebb8403a4304685f8d53ab9"
url = "https://github.com/astral-sh/uv/releases/download/0.11.12/uv-x86_64-unknown-linux-musl.tar.gz"
url_api = "https://api.github.com/repos/astral-sh/uv/releases/assets/415611500"
provenance = "github-attestations"

[tools.uv."platforms.linux-x64-baseline"]
checksum = "sha256:591a7557f5ba7e51565f338dd4c50cebc12820ec2ebb8403a4304685f8d53ab9"
url = "https://github.com/astral-sh/uv/releases/download/0.11.12/uv-x86_64-unknown-linux-musl.tar.gz"
url_api = "https://api.github.com/repos/astral-sh/uv/releases/assets/415611500"
provenance = "github-attestations"

[tools.uv."platforms.linux-x64-musl"]
checksum = "sha256:591a7557f5ba7e51565f338dd4c50cebc12820ec2ebb8403a4304685f8d53ab9"
url = "https://github.com/astral-sh/uv/releases/download/0.11.12/uv-x86_64-unknown-linux-musl.tar.gz"
url_api = "https://api.github.com/repos/astral-sh/uv/releases/assets/415611500"
provenance = "github-attestations"

[tools.uv."platforms.linux-x64-musl-baseline"]
checksum = "sha256:591a7557f5ba7e51565f338dd4c50cebc12820ec2ebb8403a4304685f8d53ab9"
url = "https://github.com/astral-sh/uv/releases/download/0.11.12/uv-x86_64-unknown-linux-musl.tar.gz"
url_api = "https://api.github.com/repos/astral-sh/uv/releases/assets/415611500"
provenance = "github-attestations"

[tools.uv."platforms.macos-arm64"]
checksum = "sha256:bb7c6ef869ec00cd1452f4884acf23d00b153c356ba9197ae99a1bc1ceadb7f3"
url = "https://github.com/astral-sh/uv/releases/download/0.11.12/uv-aarch64-apple-darwin.tar.gz"
url_api = "https://api.github.com/repos/astral-sh/uv/releases/assets/415611420"
provenance = "github-attestations"

[tools.uv."platforms.macos-x64"]
checksum = "sha256:32fb217e6181384bf6534b31adcc66cd552eff98643c4bb35832be8552486912"
url = "https://github.com/astral-sh/uv/releases/download/0.11.12/uv-x86_64-apple-darwin.tar.gz"
url_api = "https://api.github.com/repos/astral-sh/uv/releases/assets/415611478"
provenance = "github-attestations"

[tools.uv."platforms.macos-x64-baseline"]
checksum = "sha256:32fb217e6181384bf6534b31adcc66cd552eff98643c4bb35832be8552486912"
url = "https://github.com/astral-sh/uv/releases/download/0.11.12/uv-x86_64-apple-darwin.tar.gz"
url_api = "https://api.github.com/repos/astral-sh/uv/releases/assets/415611478"
provenance = "github-attestations"

[tools.uv."platforms.windows-x64"]
checksum = "sha256:e46956a6b088a0382101c797eef945c1b03826e629e968d434cf838d42d85b6b"
url = "https://github.com/astral-sh/uv/releases/download/0.11.12/uv-x86_64-pc-windows-msvc.zip"
url_api = "https://api.github.com/repos/astral-sh/uv/releases/assets/415611484"
provenance = "github-attestations"

[tools.uv."platforms.windows-x64-baseline"]
checksum = "sha256:e46956a6b088a0382101c797eef945c1b03826e629e968d434cf838d42d85b6b"
url = "https://github.com/astral-sh/uv/releases/download/0.11.12/uv-x86_64-pc-windows-msvc.zip"
url_api = "https://api.github.com/repos/astral-sh/uv/releases/assets/415611484"
provenance = "github-attestations"

[[tools.yarn]]
version = "4.11.0"
backend = "vfox:mise-plugins/vfox-yarn"
