# @generated - this file is auto-generated by `mise lock` https://mise.jdx.dev/dev-tools/mise-lock.html

[[tools."aqua:koalaman/shellcheck"]]
version = "0.11.0"
backend = "aqua:koalaman/shellcheck"

[tools."aqua:koalaman/shellcheck"."platforms.linux-arm64"]
checksum = "sha256:12b331c1d2db6b9eb13cfca64306b1b157a86eb69db83023e261eaa7e7c14588"
url = "https://github.com/koalaman/shellcheck/releases/download/v0.11.0/shellcheck-v0.11.0.linux.aarch64.tar.xz"
url_api = "https://api.github.com/repos/koalaman/shellcheck/releases/assets/279056934"

[tools."aqua:koalaman/shellcheck"."platforms.linux-arm64-musl"]
checksum = "sha256:12b331c1d2db6b9eb13cfca64306b1b157a86eb69db83023e261eaa7e7c14588"
url = "https://github.com/koalaman/shellcheck/releases/download/v0.11.0/shellcheck-v0.11.0.linux.aarch64.tar.xz"
url_api = "https://api.github.com/repos/koalaman/shellcheck/releases/assets/279056934"

[tools."aqua:koalaman/shellcheck"."platforms.linux-x64"]
checksum = "sha256:8c3be12b05d5c177a04c29e3c78ce89ac86f1595681cab149b65b97c4e227198"
url = "https://github.com/koalaman/shellcheck/releases/download/v0.11.0/shellcheck-v0.11.0.linux.x86_64.tar.xz"
url_api = "https://api.github.com/repos/koalaman/shellcheck/releases/assets/279056942"

[tools."aqua:koalaman/shellcheck"."platforms.linux-x64-baseline"]
checksum = "sha256:8c3be12b05d5c177a04c29e3c78ce89ac86f1595681cab149b65b97c4e227198"
url = "https://github.com/koalaman/shellcheck/releases/download/v0.11.0/shellcheck-v0.11.0.linux.x86_64.tar.xz"
url_api = "https://api.github.com/repos/koalaman/shellcheck/releases/assets/279056942"

[tools."aqua:koalaman/shellcheck"."platforms.linux-x64-musl"]
checksum = "sha256:8c3be12b05d5c177a04c29e3c78ce89ac86f1595681cab149b65b97c4e227198"
url = "https://github.com/koalaman/shellcheck/releases/download/v0.11.0/shellcheck-v0.11.0.linux.x86_64.tar.xz"
url_api = "https://api.github.com/repos/koalaman/shellcheck/releases/assets/279056942"

[tools."aqua:koalaman/shellcheck"."platforms.linux-x64-musl-baseline"]
checksum = "sha256:8c3be12b05d5c177a04c29e3c78ce89ac86f1595681cab149b65b97c4e227198"
url = "https://github.com/koalaman/shellcheck/releases/download/v0.11.0/shellcheck-v0.11.0.linux.x86_64.tar.xz"
url_api = "https://api.github.com/repos/koalaman/shellcheck/releases/assets/279056942"

[tools."aqua:koalaman/shellcheck"."platforms.macos-arm64"]
checksum = "sha256:56affdd8de5527894dca6dc3d7e0a99a873b0f004d7aabc30ae407d3f48b0a79"
url = "https://github.com/koalaman/shellcheck/releases/download/v0.11.0/shellcheck-v0.11.0.darwin.aarch64.tar.xz"
url_api = "https://api.github.com/repos/koalaman/shellcheck/releases/assets/279056932"

[tools."aqua:koalaman/shellcheck"."platforms.macos-x64"]
checksum = "sha256:3c89db4edcab7cf1c27bff178882e0f6f27f7afdf54e859fa041fca10febe4c6"
url = "https://github.com/koalaman/shellcheck/releases/download/v0.11.0/shellcheck-v0.11.0.darwin.x86_64.tar.xz"
url_api = "https://api.github.com/repos/koalaman/shellcheck/releases/assets/279056930"

[tools."aqua:koalaman/shellcheck"."platforms.macos-x64-baseline"]
checksum = "sha256:3c89db4edcab7cf1c27bff178882e0f6f27f7afdf54e859fa041fca10febe4c6"
url = "https://github.com/koalaman/shellcheck/releases/download/v0.11.0/shellcheck-v0.11.0.darwin.x86_64.tar.xz"
url_api = "https://api.github.com/repos/koalaman/shellcheck/releases/assets/279056930"

[tools."aqua:koalaman/shellcheck"."platforms.windows-x64"]
checksum = "sha256:8a4e35ab0b331c85d73567b12f2a444df187f483e5079ceffa6bda1faa2e740e"
url = "https://github.com/koalaman/shellcheck/releases/download/v0.11.0/shellcheck-v0.11.0.zip"
url_api = "https://api.github.com/repos/koalaman/shellcheck/releases/assets/279056944"

[tools."aqua:koalaman/shellcheck"."platforms.windows-x64-baseline"]
checksum = "sha256:8a4e35ab0b331c85d73567b12f2a444df187f483e5079ceffa6bda1faa2e740e"
url = "https://github.com/koalaman/shellcheck/releases/download/v0.11.0/shellcheck-v0.11.0.zip"
url_api = "https://api.github.com/repos/koalaman/shellcheck/releases/assets/279056944"

[[tools.bun]]
version = "1.4.2"
backend = "core:bun"

[tools.bun."platforms.linux-arm64"]
checksum = "sha256:54328bbc2d9c8e0c9f892c544d66c57a83b84139e34909e5ee81758f1ac8fda7"
url = "https://github.com/oven-sh/bun/releases/download/bun-v1.4.2/bun-linux-aarch64.zip"

[tools.bun."platforms.linux-arm64-musl"]
checksum = "sha256:71760b6c8ea30623b81a4907cb815d48e2ea266f2e73e751534a44a0607950df"
url = "https://github.com/oven-sh/bun/releases/download/bun-v1.4.2/bun-linux-aarch64-musl.zip"

[tools.bun."platforms.linux-x64"]
checksum = "sha256:36368faef7527875d5ffa52e53cd48021741f2a83eb6208a8dd64068d422a913"
url = "https://github.com/oven-sh/bun/releases/download/bun-v1.4.2/bun-linux-x64.zip"

[tools.bun."platforms.linux-x64-baseline"]
checksum = "sha256:c678040f14fe0440eb839d37cbd0ce4c051a32da72806ac97de6a6aab6bf728f"
url = "https://github.com/oven-sh/bun/releases/download/bun-v1.4.2/bun-linux-x64-baseline.zip"

[tools.bun."platforms.linux-x64-musl"]
checksum = "sha256:4835eca59d6da70f4674f5642f6e459dcadab773695b2ed9922d131057989742"
url = "https://github.com/oven-sh/bun/releases/download/bun-v1.4.2/bun-linux-x64-musl.zip"

[tools.bun."platforms.linux-x64-musl-baseline"]
checksum = "sha256:76e1db84e98f22f78de0a87e309bfbbf297732847f9720db36750646c85c8c18"
url = "https://github.com/oven-sh/bun/releases/download/bun-v1.4.2/bun-linux-x64-musl-baseline.zip"

[tools.bun."platforms.macos-arm64"]
checksum = "sha256:90987a3a16d7db556d886ac3d551e7b6d3edf0a1cf43acaed622e8676be1d12f"
url = "https://github.com/oven-sh/bun/releases/download/bun-v1.4.2/bun-darwin-aarch64.zip"

[tools.bun."platforms.macos-x64"]
checksum = "sha256:80520d7e17526308c9185d261679ac6d27798d3803a0e9f7ff9121ab8affb012"
url = "https://github.com/oven-sh/bun/releases/download/bun-v1.4.2/bun-darwin-x64.zip"

[tools.bun."platforms.macos-x64-baseline"]
checksum = "sha256:bad5bbd6cf14d0980d115f5954c9ff904df619d5e994d2da1ffccd3f316300b0"
url = "https://github.com/oven-sh/bun/releases/download/bun-v1.4.2/bun-darwin-x64-baseline.zip"

[tools.bun."platforms.windows-x64"]
checksum = "sha256:ce4c17497b2f29712a99d3d53f028de28cd42e3bacb8589599e7f000e49b6405"
url = "https://github.com/oven-sh/bun/releases/download/bun-v1.4.2/bun-windows-x64.zip"

[tools.bun."platforms.windows-x64-baseline"]
checksum = "sha256:78c221c2376f79731ccf4e4af0b3bb46d81fefa3296c5abee09ad8a1b21e68c6"
url = "https://github.com/oven-sh/bun/releases/download/bun-v1.4.2/bun-windows-x64-baseline.zip"

[[tools.elixir]]
version = "1.20.4-otp-29"
backend = "core:elixir"

[tools.elixir."platforms.linux-arm64"]
checksum = "sha256:7863c546cda13fecc949e562e326042451dacf8fd8698a36783cb71eeb223b46"
url = "https://builds.hex.pm/builds/elixir/v1.20.4-otp-29.zip"

[tools.elixir."platforms.linux-arm64-musl"]
checksum = "sha256:7863c546cda13fecc949e562e326042451dacf8fd8698a36783cb71eeb223b46"
url = "https://builds.hex.pm/builds/elixir/v1.20.4-otp-29.zip"

[tools.elixir."platforms.linux-x64"]
checksum = "sha256:7863c546cda13fecc949e562e326042451dacf8fd8698a36783cb71eeb223b46"
url = "https://builds.hex.pm/builds/elixir/v1.20.4-otp-29.zip"

[tools.elixir."platforms.linux-x64-baseline"]
checksum = "sha256:7863c546cda13fecc949e562e326042451dacf8fd8698a36783cb71eeb223b46"
url = "https://builds.hex.pm/builds/elixir/v1.20.4-otp-29.zip"

[tools.elixir."platforms.linux-x64-musl"]
checksum = "sha256:7863c546cda13fecc949e562e326042451dacf8fd8698a36783cb71eeb223b46"
url = "https://builds.hex.pm/builds/elixir/v1.20.4-otp-29.zip"

[tools.elixir."platforms.linux-x64-musl-baseline"]
checksum = "sha256:7863c546cda13fecc949e562e326042451dacf8fd8698a36783cb71eeb223b46"
url = "https://builds.hex.pm/builds/elixir/v1.20.4-otp-29.zip"

[tools.elixir."platforms.macos-arm64"]
checksum = "sha256:7863c546cda13fecc949e562e326042451dacf8fd8698a36783cb71eeb223b46"
url = "https://builds.hex.pm/builds/elixir/v1.20.4-otp-29.zip"

[tools.elixir."platforms.macos-x64"]
checksum = "sha256:7863c546cda13fecc949e562e326042451dacf8fd8698a36783cb71eeb223b46"
url = "https://builds.hex.pm/builds/elixir/v1.20.4-otp-29.zip"

[tools.elixir."platforms.macos-x64-baseline"]
checksum = "sha256:7863c546cda13fecc949e562e326042451dacf8fd8698a36783cb71eeb223b46"
url = "https://builds.hex.pm/builds/elixir/v1.20.4-otp-29.zip"

[tools.elixir."platforms.windows-x64"]
checksum = "sha256:7863c546cda13fecc949e562e326042451dacf8fd8698a36783cb71eeb223b46"
url = "https://builds.hex.pm/builds/elixir/v1.20.4-otp-29.zip"

[tools.elixir."platforms.windows-x64-baseline"]
checksum = "sha256:7863c546cda13fecc949e562e326042451dacf8fd8698a36783cb71eeb223b46"
url = "https://builds.hex.pm/builds/elixir/v1.20.4-otp-29.zip"

[[tools.erlang]]
version = "29.1.1"
backend = "core:erlang"

[tools.erlang."platforms.linux-arm64-musl"]
checksum = "sha256:054e0143e39c780e091107fc9b345792a9c1a55f6bac1eca1c1101510fc06bf6"
url = "https://github.com/erlang/otp/releases/download/OTP-29.1.1/otp_src_29.1.1.tar.gz"
url_api = "https://api.github.com/repos/erlang/otp/releases/assets/581114879"
install = "source"

[tools.erlang."platforms.linux-x64-musl"]
checksum = "sha256:054e0143e39c780e091107fc9b345792a9c1a55f6bac1eca1c1101510fc06bf6"
url = "https://github.com/erlang/otp/releases/download/OTP-29.1.1/otp_src_29.1.1.tar.gz"
url_api = "https://api.github.com/repos/erlang/otp/releases/assets/581114879"
install = "source"

[tools.erlang."platforms.linux-x64-musl-baseline"]
checksum = "sha256:054e0143e39c780e091107fc9b345792a9c1a55f6bac1eca1c1101510fc06bf6"
url = "https://github.com/erlang/otp/releases/download/OTP-29.1.1/otp_src_29.1.1.tar.gz"
url_api = "https://api.github.com/repos/erlang/otp/releases/assets/581114879"
install = "source"

[tools.erlang."platforms.macos-arm64"]
checksum = "sha256:0e80f209b06d9d13cf3b5f7c07228d9561aff983e6e55ea9c8ebda085db286cc"
url = "https://github.com/erlef/otp_builds/releases/download/OTP-29.1.1/otp-aarch64-apple-darwin.tar.gz"
url_api = "https://api.github.com/repos/erlef/otp_builds/releases/assets/580922715"

[tools.erlang."platforms.macos-x64"]
checksum = "sha256:474373887e7a3395bbe033353be74113a59cfc9f3d1565ca740972c3b7c02aa0"
url = "https://github.com/erlef/otp_builds/releases/download/OTP-29.1.1/otp-x86_64-apple-darwin.tar.gz"
url_api = "https://api.github.com/repos/erlef/otp_builds/releases/assets/580936007"

[tools.erlang."platforms.macos-x64-baseline"]
checksum = "sha256:474373887e7a3395bbe033353be74113a59cfc9f3d1565ca740972c3b7c02aa0"
url = "https://github.com/erlef/otp_builds/releases/download/OTP-29.1.1/otp-x86_64-apple-darwin.tar.gz"
url_api = "https://api.github.com/repos/erlef/otp_builds/releases/assets/580936007"

[tools.erlang."platforms.windows-x64"]
checksum = "sha256:337480af988eca993c2e98b68850f00fc6724d366346565e38941ac0d1b7c56b"
url = "https://github.com/erlang/otp/releases/download/OTP-29.1.1/otp_win64_29.1.1.zip"
url_api = "https://api.github.com/repos/erlang/otp/releases/assets/581038947"

[tools.erlang."platforms.windows-x64-baseline"]
checksum = "sha256:337480af988eca993c2e98b68850f00fc6724d366346565e38941ac0d1b7c56b"
url = "https://github.com/erlang/otp/releases/download/OTP-29.1.1/otp_win64_29.1.1.zip"
url_api = "https://api.github.com/repos/erlang/otp/releases/assets/581038947"

[[tools.erlang]]
version = "29.1.1"
backend = "core:erlang"

[tools.erlang.options]
precompiled_os = "ubuntu-24.04"

[tools.erlang."platforms.linux-arm64"]
checksum = "sha256:734946b92e9caf9866c2ee841f1d987cfa625cbee051a87ba4f3eaa8cab0fc7f"
url = "https://builds.hex.pm/builds/otp/arm64/ubuntu-24.04/OTP-29.1.1.tar.gz"

[tools.erlang."platforms.linux-x64"]
checksum = "sha256:35186bdae840028df621d14f3a75c68eb52eea90fabd500f7946a5d74bdaf11b"
url = "https://builds.hex.pm/builds/otp/amd64/ubuntu-24.04/OTP-29.1.1.tar.gz"

[tools.erlang."platforms.linux-x64-baseline"]
checksum = "sha256:35186bdae840028df621d14f3a75c68eb52eea90fabd500f7946a5d74bdaf11b"
url = "https://builds.hex.pm/builds/otp/amd64/ubuntu-24.04/OTP-29.1.1.tar.gz"

[[tools.go]]
version = "1.27.1"
backend = "core:go"

[tools.go."platforms.linux-arm64"]
checksum = "sha256:3450b45a3f9ee8568792736a5c5e70a1f2e9b36c35a8f74958c03e51d7d92bec"
url = "https://dl.google.com/go/go1.27.1.linux-arm64.tar.gz"

[tools.go."platforms.linux-arm64-musl"]
checksum = "sha256:3450b45a3f9ee8568792736a5c5e70a1f2e9b36c35a8f74958c03e51d7d92bec"
url = "https://dl.google.com/go/go1.27.1.linux-arm64.tar.gz"

[tools.go."platforms.linux-x64"]
checksum = "sha256:63d339f0da5ab53635a56f2490a7984dfe12dfcff22ad749f63edaf590168445"
url = "https://dl.google.com/go/go1.27.1.linux-amd64.tar.gz"

[tools.go."platforms.linux-x64-baseline"]
checksum = "sha256:63d339f0da5ab53635a56f2490a7984dfe12dfcff22ad749f63edaf590168445"
url = "https://dl.google.com/go/go1.27.1.linux-amd64.tar.gz"

[tools.go."platforms.linux-x64-musl"]
checksum = "sha256:63d339f0da5ab53635a56f2490a7984dfe12dfcff22ad749f63edaf590168445"
url = "https://dl.google.com/go/go1.27.1.linux-amd64.tar.gz"

[tools.go."platforms.linux-x64-musl-baseline"]
checksum = "sha256:63d339f0da5ab53635a56f2490a7984dfe12dfcff22ad749f63edaf590168445"
url = "https://dl.google.com/go/go1.27.1.linux-amd64.tar.gz"

[tools.go."platforms.macos-arm64"]
checksum = "sha256:ee215d57e0ec269c60cc9ceca68e6bda321ba9ee5afe24f4b0988703c2d87d12"
url = "https://dl.google.com/go/go1.27.1.darwin-arm64.tar.gz"

[tools.go."platforms.macos-x64"]
checksum = "sha256:8f8f52c6649542cf027bbc9b9c68d1ec042f9f34808a40413f0b8b3f66f3caa4"
url = "https://dl.google.com/go/go1.27.1.darwin-amd64.tar.gz"

[tools.go."platforms.macos-x64-baseline"]
checksum = "sha256:8f8f52c6649542cf027bbc9b9c68d1ec042f9f34808a40413f0b8b3f66f3caa4"
url = "https://dl.google.com/go/go1.27.1.darwin-amd64.tar.gz"

[tools.go."platforms.windows-x64"]
checksum = "sha256:a3911b5e0e1b1053f25ed0675f4c1c6aad1e2bfcf253df2b9be4caabd2edd95d"
url = "https://dl.google.com/go/go1.27.1.windows-amd64.zip"

[tools.go."platforms.windows-x64-baseline"]
checksum = "sha256:a3911b5e0e1b1053f25ed0675f4c1c6aad1e2bfcf253df2b9be4caabd2edd95d"
url = "https://dl.google.com/go/go1.27.1.windows-amd64.zip"

[[tools."go:mvdan.cc/sh/v3/cmd/shfmt"]]
version = "3.14.1"
backend = "go:mvdan.cc/sh/v3/cmd/shfmt"

[[tools.java]]
version = "temurin-25.0.4+101.0.LTS"
backend = "core:java"

[tools.java."platforms.linux-arm64"]
checksum = "sha256:69df11a02cfa3ef7d7ca645e03edce6778ec090e100f6ae2b42097865730ac52"
url = "https://github.com/adoptium/temurin25-binaries/releases/download/jdk-25.0.4.1%2B1/OpenJDK25U-jdk_aarch64_linux_hotspot_25.0.4.1_1.tar.gz"

[tools.java."platforms.linux-arm64-musl"]
checksum = "sha256:8d19373d427017d86ac87cf6a47ba49746be864832f60b52b7e3b1531c6b2cb8"
url = "https://github.com/adoptium/temurin25-binaries/releases/download/jdk-25.0.4.1%2B1/OpenJDK25U-jdk_aarch64_alpine-linux_hotspot_25.0.4.1_1.tar.gz"

[tools.java."platforms.linux-x64"]
checksum = "sha256:dbb698396d478e7fa2b1e50f4103324b2a99b90569ee27c33f2261f9215cf41e"
url = "https://github.com/adoptium/temurin25-binaries/releases/download/jdk-25.0.4.1%2B1/OpenJDK25U-jdk_x64_linux_hotspot_25.0.4.1_1.tar.gz"

[tools.java."platforms.linux-x64-baseline"]
checksum = "sha256:dbb698396d478e7fa2b1e50f4103324b2a99b90569ee27c33f2261f9215cf41e"
url = "https://github.com/adoptium/temurin25-binaries/releases/download/jdk-25.0.4.1%2B1/OpenJDK25U-jdk_x64_linux_hotspot_25.0.4.1_1.tar.gz"

[tools.java."platforms.linux-x64-musl"]
checksum = "sha256:f18648ee5ce45261f50dc9493fdae7ddebaa2a7a857cafda3e2a448a79c03dee"
url = "https://github.com/adoptium/temurin25-binaries/releases/download/jdk-25.0.4.1%2B1/OpenJDK25U-jdk_x64_alpine-linux_hotspot_25.0.4.1_1.tar.gz"

[tools.java."platforms.linux-x64-musl-baseline"]
checksum = "sha256:f18648ee5ce45261f50dc9493fdae7ddebaa2a7a857cafda3e2a448a79c03dee"
url = "https://github.com/adoptium/temurin25-binaries/releases/download/jdk-25.0.4.1%2B1/OpenJDK25U-jdk_x64_alpine-linux_hotspot_25.0.4.1_1.tar.gz"

[tools.java."platforms.macos-arm64"]
checksum = "sha256:61979887f7506a24a57439ff99adb8b3a7fc89977d9cfe3b8984f58a981b7b9d"
url = "https://github.com/adoptium/temurin25-binaries/releases/download/jdk-25.0.4.1%2B1/OpenJDK25U-jdk_aarch64_mac_hotspot_25.0.4.1_1.tar.gz"

[tools.java."platforms.macos-x64"]
checksum = "sha256:e6229d9504f7922053ab31821b9e6bee8761daf7b026a3476d1a027563009880"
url = "https://github.com/adoptium/temurin25-binaries/releases/download/jdk-25.0.4.1%2B1/OpenJDK25U-jdk_x64_mac_hotspot_25.0.4.1_1.tar.gz"

[tools.java."platforms.macos-x64-baseline"]
checksum = "sha256:e6229d9504f7922053ab31821b9e6bee8761daf7b026a3476d1a027563009880"
url = "https://github.com/adoptium/temurin25-binaries/releases/download/jdk-25.0.4.1%2B1/OpenJDK25U-jdk_x64_mac_hotspot_25.0.4.1_1.tar.gz"

[tools.java."platforms.windows-x64"]
checksum = "sha256:00c847d804f4a78e9f04f2683faf14fed898535b177b7fc704486cb0284e9283"
url = "https://github.com/adoptium/temurin25-binaries/releases/download/jdk-25.0.4.1%2B1/OpenJDK25U-jdk_x64_windows_hotspot_25.0.4.1_1.zip"

[tools.java."platforms.windows-x64-baseline"]
checksum = "sha256:00c847d804f4a78e9f04f2683faf14fed898535b177b7fc704486cb0284e9283"
url = "https://github.com/adoptium/temurin25-binaries/releases/download/jdk-25.0.4.1%2B1/OpenJDK25U-jdk_x64_windows_hotspot_25.0.4.1_1.zip"

[[tools.node]]
version = "24.21.0"
backend = "core:node"

[tools.node."platforms.linux-arm64"]
checksum = "sha256:724282c3b43aec998aa9527380465b45d229e021b58035f5f4f63095eabfe5d5"
url = "https://nodejs.org/dist/v24.21.0/node-v24.21.0-linux-arm64.tar.gz"

[tools.node."platforms.linux-arm64-musl"]
checksum = "sha256:3048b0811e158ca0d8672b59c839861763e144492980d8d29b369dfee45747e4"
url = "https://unofficial-builds.nodejs.org/download/release/v24.21.0/node-v24.21.0-linux-arm64-musl.tar.gz"

[tools.node."platforms.linux-x64"]
checksum = "sha256:6e1db87ef58b8819e5d5402eff1536491b18edd8eb7bee5ef7897876e88dc5ff"
url = "https://nodejs.org/dist/v24.21.0/node-v24.21.0-linux-x64.tar.gz"

[tools.node."platforms.linux-x64-baseline"]
checksum = "sha256:6e1db87ef58b8819e5d5402eff1536491b18edd8eb7bee5ef7897876e88dc5ff"
url = "https://nodejs.org/dist/v24.21.0/node-v24.21.0-linux-x64.tar.gz"

[tools.node."platforms.linux-x64-musl"]
checksum = "sha256:01a713e34da98e7b4d2a3191ee7ca3f93dd0384d1a2ef23c379b2161ee6e133a"
url = "https://unofficial-builds.nodejs.org/download/release/v24.21.0/node-v24.21.0-linux-x64-musl.tar.gz"

[tools.node."platforms.linux-x64-musl-baseline"]
checksum = "sha256:01a713e34da98e7b4d2a3191ee7ca3f93dd0384d1a2ef23c379b2161ee6e133a"
url = "https://unofficial-builds.nodejs.org/download/release/v24.21.0/node-v24.21.0-linux-x64-musl.tar.gz"

[tools.node."platforms.macos-arm64"]
checksum = "sha256:bed7eea5325e1108f32ce5228ddd6a5f0f08a499ee42aa7442aea583702f6057"
url = "https://nodejs.org/dist/v24.21.0/node-v24.21.0-darwin-arm64.tar.gz"

[tools.node."platforms.macos-x64"]
checksum = "sha256:1462cb3b3046b815cf8ea436d3da450ec1a9f11dac7e5a46b0ada5305d7e8097"
url = "https://nodejs.org/dist/v24.21.0/node-v24.21.0-darwin-x64.tar.gz"

[tools.node."platforms.macos-x64-baseline"]
checksum = "sha256:1462cb3b3046b815cf8ea436d3da450ec1a9f11dac7e5a46b0ada5305d7e8097"
url = "https://nodejs.org/dist/v24.21.0/node-v24.21.0-darwin-x64.tar.gz"

[tools.node."platforms.windows-x64"]
checksum = "sha256:158f7685b44de51f6c0df1d153526cbcd3e1bc739a8dfc607721cef75de9e541"
url = "https://nodejs.org/dist/v24.21.0/node-v24.21.0-win-x64.zip"

[tools.node."platforms.windows-x64-baseline"]
checksum = "sha256:158f7685b44de51f6c0df1d153526cbcd3e1bc739a8dfc607721cef75de9e541"
url = "https://nodejs.org/dist/v24.21.0/node-v24.21.0-win-x64.zip"

[[tools."npm:@agentclientprotocol/claude-agent-acp"]]
version = "0.85.0"
backend = "npm:@agentclientprotocol/claude-agent-acp"

[[tools."npm:@agentclientprotocol/codex-acp"]]
version = "2.1.1"
backend = "npm:@agentclientprotocol/codex-acp"

[[tools."npm:@anthropic-ai/claude-code"]]
version = "2.1.286"
backend = "npm:@anthropic-ai/claude-code"

[tools."npm:@anthropic-ai/claude-code".options]
npm_args = "--ignore-scripts=false"

[[tools."npm:@colbymchenry/codegraph"]]
version = "1.6.1"
backend = "npm:@colbymchenry/codegraph"

[[tools."npm:@earendil-works/pi-coding-agent"]]
version = "0.99.2"
backend = "npm:@earendil-works/pi-coding-agent"

[[tools."npm:@moonshot-ai/kimi-code"]]
version = "2.1.1"
backend = "npm:@moonshot-ai/kimi-code"

[[tools."npm:@openai/codex"]]
version = "0.159.3"
backend = "npm:@openai/codex"

[[tools."npm:@swmansion/argent"]]
version = "0.26.0"
backend = "npm:@swmansion/argent"

[[tools."npm:eas-cli"]]
version = "24.8.0"
backend = "npm:eas-cli"

[[tools."npm:neonctl"]]
version = "7.0.2"
backend = "npm:neonctl"

[[tools."npm:opencode-ai"]]
version = "1.18.34"
backend = "npm:opencode-ai"

[tools."npm:opencode-ai".options]
npm_args = "--ignore-scripts=false"

[[tools."npm:skills"]]
version = "1.7.0"
backend = "npm:skills"

[[tools."npm:wrangler"]]
version = "4.145.0"
backend = "npm:wrangler"

[[tools."pipx:aider-chat"]]
version = "0.86.2"
backend = "pipx:aider-chat"

[tools."pipx:aider-chat".options]
uvx_args = "--python /opt/homebrew/bin/python3.12"

[[tools."pipx:mdformat"]]
version = "1.0.0"
backend = "pipx:mdformat"

[tools."pipx:mdformat".options]
uvx_args = "--with mdformat-gfm==1.0.0 --with mdformat-frontmatter==2.1.2"

[[tools.pnpm]]
version = "12.8.1"
backend = "aqua:pnpm/pnpm"

[tools.pnpm."platforms.linux-arm64"]
checksum = "sha256:75c5e34d3164fe3d3549580b1b1b59c9dd16543e558dec722b686193cdb7dfa1"
url = "https://github.com/pnpm/pnpm/releases/download/v12.8.1/pnpm-linux-arm64.tar.gz"
url_api = "https://api.github.com/repos/pnpm/pnpm/releases/assets/595935899"
provenance = "github-attestations"

[tools.pnpm."platforms.linux-arm64-musl"]
checksum = "sha256:27ad77bdf5368c1747f46fff0d0ee213ed6185aaf69e13342964f5f7cc3f8714"
url = "https://github.com/pnpm/pnpm/releases/download/v12.8.1/pnpm-linux-arm64-musl.tar.gz"
url_api = "https://api.github.com/repos/pnpm/pnpm/releases/assets/595935889"
provenance = "github-attestations"

[tools.pnpm."platforms.linux-x64"]
checksum = "sha256:db3906881f63e41b655e3b97d473603dc26326c2470d0b1b8083689e1bcbd1e8"
url = "https://github.com/pnpm/pnpm/releases/download/v12.8.1/pnpm-linux-x64.tar.gz"
url_api = "https://api.github.com/repos/pnpm/pnpm/releases/assets/595935887"
provenance = "github-attestations"

[tools.pnpm."platforms.linux-x64-baseline"]
checksum = "sha256:db3906881f63e41b655e3b97d473603dc26326c2470d0b1b8083689e1bcbd1e8"
url = "https://github.com/pnpm/pnpm/releases/download/v12.8.1/pnpm-linux-x64.tar.gz"
url_api = "https://api.github.com/repos/pnpm/pnpm/releases/assets/595935887"
provenance = "github-attestations"

[tools.pnpm."platforms.linux-x64-musl"]
checksum = "sha256:f0a2db13d0a1b63c0053a5ddcfbf5c454b040e7ef54ca8771750e2cb55b86693"
url = "https://github.com/pnpm/pnpm/releases/download/v12.8.1/pnpm-linux-x64-musl.tar.gz"
url_api = "https://api.github.com/repos/pnpm/pnpm/releases/assets/595935901"
provenance = "github-attestations"

[tools.pnpm."platforms.linux-x64-musl-baseline"]
checksum = "sha256:f0a2db13d0a1b63c0053a5ddcfbf5c454b040e7ef54ca8771750e2cb55b86693"
url = "https://github.com/pnpm/pnpm/releases/download/v12.8.1/pnpm-linux-x64-musl.tar.gz"
url_api = "https://api.github.com/repos/pnpm/pnpm/releases/assets/595935901"
provenance = "github-attestations"

[tools.pnpm."platforms.macos-arm64"]
checksum = "sha256:8eeeae4cd714b2f1755750d303f5b1bcfe23d95ed7245536305d0c3877c5ce41"
url = "https://github.com/pnpm/pnpm/releases/download/v12.8.1/pnpm-darwin-arm64.tar.gz"
url_api = "https://api.github.com/repos/pnpm/pnpm/releases/assets/595935883"
provenance = "github-attestations"

[tools.pnpm."platforms.macos-x64"]
checksum = "sha256:8cbc5a840b4bcd8c0da878e6616a832d88e98a8acbedf1736310b395467f4a13"
url = "https://github.com/pnpm/pnpm/releases/download/v12.8.1/pnpm-darwin-x64.tar.gz"
url_api = "https://api.github.com/repos/pnpm/pnpm/releases/assets/595935890"
provenance = "github-attestations"

[tools.pnpm."platforms.macos-x64-baseline"]
checksum = "sha256:8cbc5a840b4bcd8c0da878e6616a832d88e98a8acbedf1736310b395467f4a13"
url = "https://github.com/pnpm/pnpm/releases/download/v12.8.1/pnpm-darwin-x64.tar.gz"
url_api = "https://api.github.com/repos/pnpm/pnpm/releases/assets/595935890"
provenance = "github-attestations"

[tools.pnpm."platforms.windows-x64"]
checksum = "sha256:823fc131326afeee292e113e2299ca9851c3ee5148a7de921c897f0170de6f05"
url = "https://github.com/pnpm/pnpm/releases/download/v12.8.1/pnpm-win32-x64.zip"
url_api = "https://api.github.com/repos/pnpm/pnpm/releases/assets/595935888"
provenance = "github-attestations"

[tools.pnpm."platforms.windows-x64-baseline"]
checksum = "sha256:823fc131326afeee292e113e2299ca9851c3ee5148a7de921c897f0170de6f05"
url = "https://github.com/pnpm/pnpm/releases/download/v12.8.1/pnpm-win32-x64.zip"
url_api = "https://api.github.com/repos/pnpm/pnpm/releases/assets/595935888"
provenance = "github-attestations"

[[tools.python]]
version = "3.14.8"
backend = "core:python"

[tools.python."platforms.linux-arm64"]
checksum = "sha256:4395ae16388f9d3409cba7e20161753ed3359b13d959345415029f874f675162"
url = "https://github.com/astral-sh/python-build-standalone/releases/download/20261001/cpython-3.14.8+20261001-aarch64-unknown-linux-gnu-install_only_stripped.tar.gz"
provenance = "github-attestations"

[tools.python."platforms.linux-arm64-musl"]
checksum = "sha256:d077f2fd670a512b7d681efb72d2d07e51b7b8ae3a7071a9fc53f4ffd3af909f"
url = "https://github.com/astral-sh/python-build-standalone/releases/download/20261001/cpython-3.14.8+20261001-aarch64-unknown-linux-musl-install_only_stripped.tar.gz"
provenance = "github-attestations"

[tools.python."platforms.linux-x64"]
checksum = "sha256:b373a4a4e4e70fc05f368c9b53d7738bf37637682b650d96c742805d2da26c32"
url = "https://github.com/astral-sh/python-build-standalone/releases/download/20261001/cpython-3.14.8+20261001-x86_64-unknown-linux-gnu-install_only_stripped.tar.gz"
provenance = "github-attestations"

[tools.python."platforms.linux-x64-baseline"]
checksum = "sha256:b373a4a4e4e70fc05f368c9b53d7738bf37637682b650d96c742805d2da26c32"
url = "https://github.com/astral-sh/python-build-standalone/releases/download/20261001/cpython-3.14.8+20261001-x86_64-unknown-linux-gnu-install_only_stripped.tar.gz"
provenance = "github-attestations"

[tools.python."platforms.linux-x64-musl"]
checksum = "sha256:be3be86e35b47628b67748d629342847f12767a32fd0507e0f429088c59f145d"
url = "https://github.com/astral-sh/python-build-standalone/releases/download/20261001/cpython-3.14.8+20261001-x86_64-unknown-linux-musl-install_only_stripped.tar.gz"
provenance = "github-attestations"

[tools.python."platforms.linux-x64-musl-baseline"]
checksum = "sha256:be3be86e35b47628b67748d629342847f12767a32fd0507e0f429088c59f145d"
url = "https://github.com/astral-sh/python-build-standalone/releases/download/20261001/cpython-3.14.8+20261001-x86_64-unknown-linux-musl-install_only_stripped.tar.gz"
provenance = "github-attestations"

[tools.python."platforms.macos-arm64"]
checksum = "sha256:69e48cd7f54261df5b6abbd374f69fe6e496fa781d271592aeef49cd5ffbea6c"
url = "https://github.com/astral-sh/python-build-standalone/releases/download/20261001/cpython-3.14.8+20261001-aarch64-apple-darwin-install_only_stripped.tar.gz"
provenance = "github-attestations"

[tools.python."platforms.macos-x64"]
checksum = "sha256:d613a1cb9e31dd512298c73fd300975e689938cc39d1486250cf47918963061c"
url = "https://github.com/astral-sh/python-build-standalone/releases/download/20261001/cpython-3.14.8+20261001-x86_64-apple-darwin-install_only_stripped.tar.gz"
provenance = "github-attestations"

[tools.python."platforms.macos-x64-baseline"]
checksum = "sha256:d613a1cb9e31dd512298c73fd300975e689938cc39d1486250cf47918963061c"
url = "https://github.com/astral-sh/python-build-standalone/releases/download/20261001/cpython-3.14.8+20261001-x86_64-apple-darwin-install_only_stripped.tar.gz"
provenance = "github-attestations"

[tools.python."platforms.windows-x64"]
checksum = "sha256:b7ff8b700995379e425b39abce9b087d84a45aa265ea465c0069c2747ea5b2ea"
url = "https://github.com/astral-sh/python-build-standalone/releases/download/20261001/cpython-3.14.8+20261001-x86_64-pc-windows-msvc-install_only_stripped.tar.gz"
provenance = "github-attestations"

[tools.python."platforms.windows-x64-baseline"]
checksum = "sha256:b7ff8b700995379e425b39abce9b087d84a45aa265ea465c0069c2747ea5b2ea"
url = "https://github.com/astral-sh/python-build-standalone/releases/download/20261001/cpython-3.14.8+20261001-x86_64-pc-windows-msvc-install_only_stripped.tar.gz"
provenance = "github-attestations"

[[tools.ruby]]
version = "4.0.7"
backend = "core:ruby"

[tools.ruby."platforms.windows-x64"]
checksum = "sha256:7a9be96d3448ecbd9a81eccae1f619131dfcc761f2c98dded03ece6c05d0474f"
url = "https://github.com/oneclick/rubyinstaller2/releases/download/RubyInstaller-4.0.7-1/rubyinstaller-4.0.7-1-x64.7z"

[tools.ruby."platforms.windows-x64-baseline"]
checksum = "sha256:7a9be96d3448ecbd9a81eccae1f619131dfcc761f2c98dded03ece6c05d0474f"
url = "https://github.com/oneclick/rubyinstaller2/releases/download/RubyInstaller-4.0.7-1/rubyinstaller-4.0.7-1-x64.7z"

[[tools.ruby]]
version = "4.0.7"
backend = "core:ruby"

[tools.ruby.options]
compile = "false"
precompiled_url = "jdx/ruby"
ruby_build_repo = "https://github.com/rbenv/ruby-build.git"
ruby_install = "false"

[tools.ruby."platforms.linux-arm64"]
checksum = "sha256:453bf09d3991ada482dbcdae5af697ce59aaa5586f3f906a7ff46af5de9afed8"
url = "https://github.com/jdx/ruby/releases/download/4.0.7-1/ruby-4.0.7.arm64_linux.tar.gz"
provenance = "github-attestations"

[tools.ruby."platforms.linux-arm64-musl"]
checksum = "sha256:911ace20f90d068ca0e4dda6d0e4f0f81e52e52f2dd4f4004c721e253412e82d"
url = "https://cache.ruby-lang.org/pub/ruby/4.0/ruby-4.0.7.tar.gz"

[tools.ruby."platforms.linux-x64"]
checksum = "sha256:32cd7e6ac93126e0f91dc40a0d2e6213f24a38be77937671e6cb82f82ea4ffe2"
url = "https://github.com/jdx/ruby/releases/download/4.0.7-1/ruby-4.0.7.x86_64_linux.tar.gz"
provenance = "github-attestations"

[tools.ruby."platforms.linux-x64-baseline"]
checksum = "sha256:32cd7e6ac93126e0f91dc40a0d2e6213f24a38be77937671e6cb82f82ea4ffe2"
url = "https://github.com/jdx/ruby/releases/download/4.0.7-1/ruby-4.0.7.x86_64_linux.tar.gz"
provenance = "github-attestations"

[tools.ruby."platforms.linux-x64-musl"]
checksum = "sha256:911ace20f90d068ca0e4dda6d0e4f0f81e52e52f2dd4f4004c721e253412e82d"
url = "https://cache.ruby-lang.org/pub/ruby/4.0/ruby-4.0.7.tar.gz"

[tools.ruby."platforms.linux-x64-musl-baseline"]
checksum = "sha256:911ace20f90d068ca0e4dda6d0e4f0f81e52e52f2dd4f4004c721e253412e82d"
url = "https://cache.ruby-lang.org/pub/ruby/4.0/ruby-4.0.7.tar.gz"

[tools.ruby."platforms.macos-arm64"]
checksum = "sha256:1b239cb6e4f8ba27e890e025c723c00ba781b993ac12aab2029618f347c2206d"
url = "https://github.com/jdx/ruby/releases/download/4.0.7-1/ruby-4.0.7.macos.tar.gz"
provenance = "github-attestations"

[tools.ruby."platforms.macos-x64"]
checksum = "sha256:911ace20f90d068ca0e4dda6d0e4f0f81e52e52f2dd4f4004c721e253412e82d"
url = "https://cache.ruby-lang.org/pub/ruby/4.0/ruby-4.0.7.tar.gz"

[tools.ruby."platforms.macos-x64-baseline"]
checksum = "sha256:911ace20f90d068ca0e4dda6d0e4f0f81e52e52f2dd4f4004c721e253412e82d"
url = "https://cache.ruby-lang.org/pub/ruby/4.0/ruby-4.0.7.tar.gz"

[[tools.rust]]
version = "1.99.0"
backend = "core:rust"

[[tools.terraform]]
version = "1.16.4"
backend = "aqua:hashicorp/terraform"

[tools.terraform."platforms.linux-arm64"]
checksum = "sha256:8263f301cb1a24489a4adeed147bf28504053f77237b3ea97a0ef2972659de30"
url = "https://releases.hashicorp.com/terraform/1.16.4/terraform_1.16.4_linux_arm64.zip"

[tools.terraform."platforms.linux-arm64-musl"]
checksum = "sha256:8263f301cb1a24489a4adeed147bf28504053f77237b3ea97a0ef2972659de30"
url = "https://releases.hashicorp.com/terraform/1.16.4/terraform_1.16.4_linux_arm64.zip"

[tools.terraform."platforms.linux-x64"]
checksum = "sha256:dc94af0eef1147718ad7c8daea792ed199e3e0492eec180d0adafa2a65a879df"
url = "https://releases.hashicorp.com/terraform/1.16.4/terraform_1.16.4_linux_amd64.zip"

[tools.terraform."platforms.linux-x64-baseline"]
checksum = "sha256:dc94af0eef1147718ad7c8daea792ed199e3e0492eec180d0adafa2a65a879df"
url = "https://releases.hashicorp.com/terraform/1.16.4/terraform_1.16.4_linux_amd64.zip"

[tools.terraform."platforms.linux-x64-musl"]
checksum = "sha256:dc94af0eef1147718ad7c8daea792ed199e3e0492eec180d0adafa2a65a879df"
url = "https://releases.hashicorp.com/terraform/1.16.4/terraform_1.16.4_linux_amd64.zip"

[tools.terraform."platforms.linux-x64-musl-baseline"]
checksum = "sha256:dc94af0eef1147718ad7c8daea792ed199e3e0492eec180d0adafa2a65a879df"
url = "https://releases.hashicorp.com/terraform/1.16.4/terraform_1.16.4_linux_amd64.zip"

[tools.terraform."platforms.macos-arm64"]
checksum = "sha256:42cfdf97ad722f79085fe2279b06d4b8680172de3534b22eeddd9a0fbbe7b8f1"
url = "https://releases.hashicorp.com/terraform/1.16.4/terraform_1.16.4_darwin_arm64.zip"

[tools.terraform."platforms.macos-x64"]
checksum = "sha256:2ee4b62064086e4b24b0d6cf2e61718fbaf0556feba990f708a5e32557554b3b"
url = "https://releases.hashicorp.com/terraform/1.16.4/terraform_1.16.4_darwin_amd64.zip"

[tools.terraform."platforms.macos-x64-baseline"]
checksum = "sha256:2ee4b62064086e4b24b0d6cf2e61718fbaf0556feba990f708a5e32557554b3b"
url = "https://releases.hashicorp.com/terraform/1.16.4/terraform_1.16.4_darwin_amd64.zip"

[tools.terraform."platforms.windows-x64"]
checksum = "sha256:5c736ed6b0f13e98bc5029fe159574cca33634c3477466c56442c28b513a7054"
url = "https://releases.hashicorp.com/terraform/1.16.4/terraform_1.16.4_windows_amd64.zip"

[tools.terraform."platforms.windows-x64-baseline"]
checksum = "sha256:5c736ed6b0f13e98bc5029fe159574cca33634c3477466c56442c28b513a7054"
url = "https://releases.hashicorp.com/terraform/1.16.4/terraform_1.16.4_windows_amd64.zip"

[[tools.uv]]
version = "0.12.21"
backend = "aqua:astral-sh/uv"

[tools.uv."platforms.linux-arm64"]
checksum = "sha256:030b69227b40af8c1981b7301793dc66e71ed3c796ea8688209dd268bd91ec51"
url = "https://github.com/astral-sh/uv/releases/download/0.12.21/uv-aarch64-unknown-linux-gnu.tar.gz"
url_api = "https://api.github.com/repos/astral-sh/uv/releases/assets/599237845"
provenance = "github-attestations"

[tools.uv."platforms.linux-arm64-musl"]
checksum = "sha256:67389a674e62adffa5a395d9a3b80688731c4aa7b33a6def3e62d00f7fec821f"
url = "https://github.com/astral-sh/uv/releases/download/0.12.21/uv-aarch64-unknown-linux-musl.tar.gz"
url_api = "https://api.github.com/repos/astral-sh/uv/releases/assets/599237864"
provenance = "github-attestations"

[tools.uv."platforms.linux-x64"]
checksum = "sha256:23f02075b652bb1df64178cfae41b5caf160822e720e2663568f3f5d63bc52c0"
url = "https://github.com/astral-sh/uv/releases/download/0.12.21/uv-x86_64-unknown-linux-gnu.tar.gz"
url_api = "https://api.github.com/repos/astral-sh/uv/releases/assets/599238020"
provenance = "github-attestations"

[tools.uv."platforms.linux-x64-baseline"]
checksum = "sha256:23f02075b652bb1df64178cfae41b5caf160822e720e2663568f3f5d63bc52c0"
url = "https://github.com/astral-sh/uv/releases/download/0.12.21/uv-x86_64-unknown-linux-gnu.tar.gz"
url_api = "https://api.github.com/repos/astral-sh/uv/releases/assets/599238020"
provenance = "github-attestations"

[tools.uv."platforms.linux-x64-musl"]
checksum = "sha256:d69d543a55ec9cdf9d3d9f2648b0a161847e3dbddc477e3be6b5813a6d46f639"
url = "https://github.com/astral-sh/uv/releases/download/0.12.21/uv-x86_64-unknown-linux-musl.tar.gz"
url_api = "https://api.github.com/repos/astral-sh/uv/releases/assets/599238034"
provenance = "github-attestations"

[tools.uv."platforms.linux-x64-musl-baseline"]
checksum = "sha256:d69d543a55ec9cdf9d3d9f2648b0a161847e3dbddc477e3be6b5813a6d46f639"
url = "https://github.com/astral-sh/uv/releases/download/0.12.21/uv-x86_64-unknown-linux-musl.tar.gz"
url_api = "https://api.github.com/repos/astral-sh/uv/releases/assets/599238034"
provenance = "github-attestations"

[tools.uv."platforms.macos-arm64"]
checksum = "sha256:b88bda573e566ef9bced66b155fe0408626fbbc053aee1c30ba686f0728c9447"
url = "https://github.com/astral-sh/uv/releases/download/0.12.21/uv-aarch64-apple-darwin.tar.gz"
url_api = "https://api.github.com/repos/astral-sh/uv/releases/assets/599237829"
provenance = "github-attestations"

[tools.uv."platforms.macos-x64"]
checksum = "sha256:2b336763b396ec6afa20c5a8b083538ca7402445b868311979d740a4344c17d8"
url = "https://github.com/astral-sh/uv/releases/download/0.12.21/uv-x86_64-apple-darwin.tar.gz"
url_api = "https://api.github.com/repos/astral-sh/uv/releases/assets/599237993"
provenance = "github-attestations"

[tools.uv."platforms.macos-x64-baseline"]
checksum = "sha256:2b336763b396ec6afa20c5a8b083538ca7402445b868311979d740a4344c17d8"
url = "https://github.com/astral-sh/uv/releases/download/0.12.21/uv-x86_64-apple-darwin.tar.gz"
url_api = "https://api.github.com/repos/astral-sh/uv/releases/assets/599237993"
provenance = "github-attestations"

[tools.uv."platforms.windows-x64"]
checksum = "sha256:5d223efa0bf00208c3853246af09420419dfbd352536aa6bb8163d6170e23890"
url = "https://github.com/astral-sh/uv/releases/download/0.12.21/uv-x86_64-pc-windows-msvc.zip"
url_api = "https://api.github.com/repos/astral-sh/uv/releases/assets/599238008"
provenance = "github-attestations"

[tools.uv."platforms.windows-x64-baseline"]
checksum = "sha256:5d223efa0bf00208c3853246af09420419dfbd352536aa6bb8163d6170e23890"
url = "https://github.com/astral-sh/uv/releases/download/0.12.21/uv-x86_64-pc-windows-msvc.zip"
url_api = "https://api.github.com/repos/astral-sh/uv/releases/assets/599238008"
provenance = "github-attestations"

[[tools.yarn]]
version = "4.18.1"
backend = "vfox:mise-plugins/vfox-yarn"
