# @generated - this file is auto-generated by `mise lock` https://mise.jdx.dev/dev-tools/mise-lock.html

[[tools."aqua:koalaman/shellcheck"]]
version = "0.11.0"
backend = "aqua:koalaman/shellcheck"

[tools."aqua:koalaman/shellcheck"."platforms.linux-arm64"]
checksum = "sha256:12b331c1d2db6b9eb13cfca64306b1b157a86eb69db83023e261eaa7e7c14588"
url = "https://github.com/koalaman/shellcheck/releases/download/v0.11.0/shellcheck-v0.11.0.linux.aarch64.tar.xz"
url_api = "https://api.github.com/repos/koalaman/shellcheck/releases/assets/279056934"

[tools."aqua:koalaman/shellcheck"."platforms.linux-arm64-musl"]
checksum = "sha256:12b331c1d2db6b9eb13cfca64306b1b157a86eb69db83023e261eaa7e7c14588"
url = "https://github.com/koalaman/shellcheck/releases/download/v0.11.0/shellcheck-v0.11.0.linux.aarch64.tar.xz"
url_api = "https://api.github.com/repos/koalaman/shellcheck/releases/assets/279056934"

[tools."aqua:koalaman/shellcheck"."platforms.linux-x64"]
checksum = "sha256:8c3be12b05d5c177a04c29e3c78ce89ac86f1595681cab149b65b97c4e227198"
url = "https://github.com/koalaman/shellcheck/releases/download/v0.11.0/shellcheck-v0.11.0.linux.x86_64.tar.xz"
url_api = "https://api.github.com/repos/koalaman/shellcheck/releases/assets/279056942"

[tools."aqua:koalaman/shellcheck"."platforms.linux-x64-baseline"]
checksum = "sha256:8c3be12b05d5c177a04c29e3c78ce89ac86f1595681cab149b65b97c4e227198"
url = "https://github.com/koalaman/shellcheck/releases/download/v0.11.0/shellcheck-v0.11.0.linux.x86_64.tar.xz"
url_api = "https://api.github.com/repos/koalaman/shellcheck/releases/assets/279056942"

[tools."aqua:koalaman/shellcheck"."platforms.linux-x64-musl"]
checksum = "sha256:8c3be12b05d5c177a04c29e3c78ce89ac86f1595681cab149b65b97c4e227198"
url = "https://github.com/koalaman/shellcheck/releases/download/v0.11.0/shellcheck-v0.11.0.linux.x86_64.tar.xz"
url_api = "https://api.github.com/repos/koalaman/shellcheck/releases/assets/279056942"

[tools."aqua:koalaman/shellcheck"."platforms.linux-x64-musl-baseline"]
checksum = "sha256:8c3be12b05d5c177a04c29e3c78ce89ac86f1595681cab149b65b97c4e227198"
url = "https://github.com/koalaman/shellcheck/releases/download/v0.11.0/shellcheck-v0.11.0.linux.x86_64.tar.xz"
url_api = "https://api.github.com/repos/koalaman/shellcheck/releases/assets/279056942"

[tools."aqua:koalaman/shellcheck"."platforms.macos-arm64"]
checksum = "sha256:56affdd8de5527894dca6dc3d7e0a99a873b0f004d7aabc30ae407d3f48b0a79"
url = "https://github.com/koalaman/shellcheck/releases/download/v0.11.0/shellcheck-v0.11.0.darwin.aarch64.tar.xz"
url_api = "https://api.github.com/repos/koalaman/shellcheck/releases/assets/279056932"

[tools."aqua:koalaman/shellcheck"."platforms.macos-x64"]
checksum = "sha256:3c89db4edcab7cf1c27bff178882e0f6f27f7afdf54e859fa041fca10febe4c6"
url = "https://github.com/koalaman/shellcheck/releases/download/v0.11.0/shellcheck-v0.11.0.darwin.x86_64.tar.xz"
url_api = "https://api.github.com/repos/koalaman/shellcheck/releases/assets/279056930"

[tools."aqua:koalaman/shellcheck"."platforms.macos-x64-baseline"]
checksum = "sha256:3c89db4edcab7cf1c27bff178882e0f6f27f7afdf54e859fa041fca10febe4c6"
url = "https://github.com/koalaman/shellcheck/releases/download/v0.11.0/shellcheck-v0.11.0.darwin.x86_64.tar.xz"
url_api = "https://api.github.com/repos/koalaman/shellcheck/releases/assets/279056930"

[tools."aqua:koalaman/shellcheck"."platforms.windows-x64"]
checksum = "sha256:8a4e35ab0b331c85d73567b12f2a444df187f483e5079ceffa6bda1faa2e740e"
url = "https://github.com/koalaman/shellcheck/releases/download/v0.11.0/shellcheck-v0.11.0.zip"
url_api = "https://api.github.com/repos/koalaman/shellcheck/releases/assets/279056944"

[tools."aqua:koalaman/shellcheck"."platforms.windows-x64-baseline"]
checksum = "sha256:8a4e35ab0b331c85d73567b12f2a444df187f483e5079ceffa6bda1faa2e740e"
url = "https://github.com/koalaman/shellcheck/releases/download/v0.11.0/shellcheck-v0.11.0.zip"
url_api = "https://api.github.com/repos/koalaman/shellcheck/releases/assets/279056944"

[[tools.bun]]
version = "1.4.2"
backend = "core:bun"

[tools.bun."platforms.linux-arm64"]
checksum = "sha256:54328bbc2d9c8e0c9f892c544d66c57a83b84139e34909e5ee81758f1ac8fda7"
url = "https://github.com/oven-sh/bun/releases/download/bun-v1.4.2/bun-linux-aarch64.zip"

[tools.bun."platforms.linux-arm64-musl"]
checksum = "sha256:71760b6c8ea30623b81a4907cb815d48e2ea266f2e73e751534a44a0607950df"
url = "https://github.com/oven-sh/bun/releases/download/bun-v1.4.2/bun-linux-aarch64-musl.zip"

[tools.bun."platforms.linux-x64"]
checksum = "sha256:36368faef7527875d5ffa52e53cd48021741f2a83eb6208a8dd64068d422a913"
url = "https://github.com/oven-sh/bun/releases/download/bun-v1.4.2/bun-linux-x64.zip"

[tools.bun."platforms.linux-x64-baseline"]
checksum = "sha256:c678040f14fe0440eb839d37cbd0ce4c051a32da72806ac97de6a6aab6bf728f"
url = "https://github.com/oven-sh/bun/releases/download/bun-v1.4.2/bun-linux-x64-baseline.zip"

[tools.bun."platforms.linux-x64-musl"]
checksum = "sha256:4835eca59d6da70f4674f5642f6e459dcadab773695b2ed9922d131057989742"
url = "https://github.com/oven-sh/bun/releases/download/bun-v1.4.2/bun-linux-x64-musl.zip"

[tools.bun."platforms.linux-x64-musl-baseline"]
checksum = "sha256:76e1db84e98f22f78de0a87e309bfbbf297732847f9720db36750646c85c8c18"
url = "https://github.com/oven-sh/bun/releases/download/bun-v1.4.2/bun-linux-x64-musl-baseline.zip"

[tools.bun."platforms.macos-arm64"]
checksum = "sha256:90987a3a16d7db556d886ac3d551e7b6d3edf0a1cf43acaed622e8676be1d12f"
url = "https://github.com/oven-sh/bun/releases/download/bun-v1.4.2/bun-darwin-aarch64.zip"

[tools.bun."platforms.macos-x64"]
checksum = "sha256:80520d7e17526308c9185d261679ac6d27798d3803a0e9f7ff9121ab8affb012"
url = "https://github.com/oven-sh/bun/releases/download/bun-v1.4.2/bun-darwin-x64.zip"

[tools.bun."platforms.macos-x64-baseline"]
checksum = "sha256:bad5bbd6cf14d0980d115f5954c9ff904df619d5e994d2da1ffccd3f316300b0"
url = "https://github.com/oven-sh/bun/releases/download/bun-v1.4.2/bun-darwin-x64-baseline.zip"

[tools.bun."platforms.windows-x64"]
checksum = "sha256:ce4c17497b2f29712a99d3d53f028de28cd42e3bacb8589599e7f000e49b6405"
url = "https://github.com/oven-sh/bun/releases/download/bun-v1.4.2/bun-windows-x64.zip"

[tools.bun."platforms.windows-x64-baseline"]
checksum = "sha256:78c221c2376f79731ccf4e4af0b3bb46d81fefa3296c5abee09ad8a1b21e68c6"
url = "https://github.com/oven-sh/bun/releases/download/bun-v1.4.2/bun-windows-x64-baseline.zip"

[[tools.elixir]]
version = "1.20.4-otp-29"
backend = "core:elixir"

[tools.elixir."platforms.linux-arm64"]
checksum = "sha256:7863c546cda13fecc949e562e326042451dacf8fd8698a36783cb71eeb223b46"
url = "https://builds.hex.pm/builds/elixir/v1.20.4-otp-29.zip"

[tools.elixir."platforms.linux-arm64-musl"]
checksum = "sha256:7863c546cda13fecc949e562e326042451dacf8fd8698a36783cb71eeb223b46"
url = "https://builds.hex.pm/builds/elixir/v1.20.4-otp-29.zip"

[tools.elixir."platforms.linux-x64"]
checksum = "sha256:7863c546cda13fecc949e562e326042451dacf8fd8698a36783cb71eeb223b46"
url = "https://builds.hex.pm/builds/elixir/v1.20.4-otp-29.zip"

[tools.elixir."platforms.linux-x64-baseline"]
checksum = "sha256:7863c546cda13fecc949e562e326042451dacf8fd8698a36783cb71eeb223b46"
url = "https://builds.hex.pm/builds/elixir/v1.20.4-otp-29.zip"

[tools.elixir."platforms.linux-x64-musl"]
checksum = "sha256:7863c546cda13fecc949e562e326042451dacf8fd8698a36783cb71eeb223b46"
url = "https://builds.hex.pm/builds/elixir/v1.20.4-otp-29.zip"

[tools.elixir."platforms.linux-x64-musl-baseline"]
checksum = "sha256:7863c546cda13fecc949e562e326042451dacf8fd8698a36783cb71eeb223b46"
url = "https://builds.hex.pm/builds/elixir/v1.20.4-otp-29.zip"

[tools.elixir."platforms.macos-arm64"]
checksum = "blake3:cfddef5f170efc103420c845ee627c6eb80f9b61c25691d50bc99fec0738b560"
url = "https://builds.hex.pm/builds/elixir/v1.20.4-otp-29.zip"

[tools.elixir."platforms.macos-x64"]
checksum = "sha256:7863c546cda13fecc949e562e326042451dacf8fd8698a36783cb71eeb223b46"
url = "https://builds.hex.pm/builds/elixir/v1.20.4-otp-29.zip"

[tools.elixir."platforms.macos-x64-baseline"]
checksum = "sha256:7863c546cda13fecc949e562e326042451dacf8fd8698a36783cb71eeb223b46"
url = "https://builds.hex.pm/builds/elixir/v1.20.4-otp-29.zip"

[tools.elixir."platforms.windows-x64"]
checksum = "sha256:7863c546cda13fecc949e562e326042451dacf8fd8698a36783cb71eeb223b46"
url = "https://builds.hex.pm/builds/elixir/v1.20.4-otp-29.zip"

[tools.elixir."platforms.windows-x64-baseline"]
checksum = "sha256:7863c546cda13fecc949e562e326042451dacf8fd8698a36783cb71eeb223b46"
url = "https://builds.hex.pm/builds/elixir/v1.20.4-otp-29.zip"

[[tools.erlang]]
version = "29.0.6"
backend = "core:erlang"

[tools.erlang."platforms.linux-arm64-musl"]
checksum = "sha256:36c89ffdac9d7531c19be0cee34355b167ea95188625d32bee61ebf49ac82afa"
url = "https://github.com/erlang/otp/releases/download/OTP-29.0.6/otp_src_29.0.6.tar.gz"
url_api = "https://api.github.com/repos/erlang/otp/releases/assets/539623111"
install = "source"

[tools.erlang."platforms.linux-x64-musl"]
checksum = "sha256:36c89ffdac9d7531c19be0cee34355b167ea95188625d32bee61ebf49ac82afa"
url = "https://github.com/erlang/otp/releases/download/OTP-29.0.6/otp_src_29.0.6.tar.gz"
url_api = "https://api.github.com/repos/erlang/otp/releases/assets/539623111"
install = "source"

[tools.erlang."platforms.linux-x64-musl-baseline"]
checksum = "sha256:36c89ffdac9d7531c19be0cee34355b167ea95188625d32bee61ebf49ac82afa"
url = "https://github.com/erlang/otp/releases/download/OTP-29.0.6/otp_src_29.0.6.tar.gz"
url_api = "https://api.github.com/repos/erlang/otp/releases/assets/539623111"
install = "source"

[tools.erlang."platforms.macos-arm64"]
checksum = "sha256:935ecc08e3ea156d3050536a84338518020c28fa9a977d02671037069cb85a41"
url = "https://github.com/erlef/otp_builds/releases/download/OTP-29.0.6/otp-aarch64-apple-darwin.tar.gz"

[tools.erlang."platforms.macos-x64"]
checksum = "sha256:f07c376d6f0810af3acfd90204e9459c76887c07960e78901e2fac170891f1a3"
url = "https://github.com/erlef/otp_builds/releases/download/OTP-29.0.6/otp-x86_64-apple-darwin.tar.gz"
url_api = "https://api.github.com/repos/erlef/otp_builds/releases/assets/539520619"

[tools.erlang."platforms.macos-x64-baseline"]
checksum = "sha256:f07c376d6f0810af3acfd90204e9459c76887c07960e78901e2fac170891f1a3"
url = "https://github.com/erlef/otp_builds/releases/download/OTP-29.0.6/otp-x86_64-apple-darwin.tar.gz"
url_api = "https://api.github.com/repos/erlef/otp_builds/releases/assets/539520619"

[tools.erlang."platforms.windows-x64"]
checksum = "sha256:c13b374db73c2d7d757eb3317183d74f872354e5746976f18bbd5de46bc95d51"
url = "https://github.com/erlang/otp/releases/download/OTP-29.0.6/otp_win64_29.0.6.zip"
url_api = "https://api.github.com/repos/erlang/otp/releases/assets/539580967"

[tools.erlang."platforms.windows-x64-baseline"]
checksum = "sha256:c13b374db73c2d7d757eb3317183d74f872354e5746976f18bbd5de46bc95d51"
url = "https://github.com/erlang/otp/releases/download/OTP-29.0.6/otp_win64_29.0.6.zip"
url_api = "https://api.github.com/repos/erlang/otp/releases/assets/539580967"

[[tools.go]]
version = "1.27.1"
backend = "core:go"

[tools.go."platforms.linux-arm64"]
checksum = "sha256:3450b45a3f9ee8568792736a5c5e70a1f2e9b36c35a8f74958c03e51d7d92bec"
url = "https://dl.google.com/go/go1.27.1.linux-arm64.tar.gz"

[tools.go."platforms.linux-arm64-musl"]
checksum = "sha256:3450b45a3f9ee8568792736a5c5e70a1f2e9b36c35a8f74958c03e51d7d92bec"
url = "https://dl.google.com/go/go1.27.1.linux-arm64.tar.gz"

[tools.go."platforms.linux-x64"]
checksum = "sha256:63d339f0da5ab53635a56f2490a7984dfe12dfcff22ad749f63edaf590168445"
url = "https://dl.google.com/go/go1.27.1.linux-amd64.tar.gz"

[tools.go."platforms.linux-x64-baseline"]
checksum = "sha256:63d339f0da5ab53635a56f2490a7984dfe12dfcff22ad749f63edaf590168445"
url = "https://dl.google.com/go/go1.27.1.linux-amd64.tar.gz"

[tools.go."platforms.linux-x64-musl"]
checksum = "sha256:63d339f0da5ab53635a56f2490a7984dfe12dfcff22ad749f63edaf590168445"
url = "https://dl.google.com/go/go1.27.1.linux-amd64.tar.gz"

[tools.go."platforms.linux-x64-musl-baseline"]
checksum = "sha256:63d339f0da5ab53635a56f2490a7984dfe12dfcff22ad749f63edaf590168445"
url = "https://dl.google.com/go/go1.27.1.linux-amd64.tar.gz"

[tools.go."platforms.macos-arm64"]
checksum = "sha256:ee215d57e0ec269c60cc9ceca68e6bda321ba9ee5afe24f4b0988703c2d87d12"
url = "https://dl.google.com/go/go1.27.1.darwin-arm64.tar.gz"

[tools.go."platforms.macos-x64"]
checksum = "sha256:8f8f52c6649542cf027bbc9b9c68d1ec042f9f34808a40413f0b8b3f66f3caa4"
url = "https://dl.google.com/go/go1.27.1.darwin-amd64.tar.gz"

[tools.go."platforms.macos-x64-baseline"]
checksum = "sha256:8f8f52c6649542cf027bbc9b9c68d1ec042f9f34808a40413f0b8b3f66f3caa4"
url = "https://dl.google.com/go/go1.27.1.darwin-amd64.tar.gz"

[tools.go."platforms.windows-x64"]
checksum = "sha256:a3911b5e0e1b1053f25ed0675f4c1c6aad1e2bfcf253df2b9be4caabd2edd95d"
url = "https://dl.google.com/go/go1.27.1.windows-amd64.zip"

[tools.go."platforms.windows-x64-baseline"]
checksum = "sha256:a3911b5e0e1b1053f25ed0675f4c1c6aad1e2bfcf253df2b9be4caabd2edd95d"
url = "https://dl.google.com/go/go1.27.1.windows-amd64.zip"

[[tools."go:mvdan.cc/sh/v3/cmd/shfmt"]]
version = "3.14.1"
backend = "go:mvdan.cc/sh/v3/cmd/shfmt"

[[tools.java]]
version = "temurin-25.0.4+101.0.LTS"
backend = "core:java"

[tools.java."platforms.linux-arm64"]
checksum = "sha256:69df11a02cfa3ef7d7ca645e03edce6778ec090e100f6ae2b42097865730ac52"
url = "https://github.com/adoptium/temurin25-binaries/releases/download/jdk-25.0.4.1%2B1/OpenJDK25U-jdk_aarch64_linux_hotspot_25.0.4.1_1.tar.gz"

[tools.java."platforms.linux-arm64-musl"]
checksum = "sha256:8d19373d427017d86ac87cf6a47ba49746be864832f60b52b7e3b1531c6b2cb8"
url = "https://github.com/adoptium/temurin25-binaries/releases/download/jdk-25.0.4.1%2B1/OpenJDK25U-jdk_aarch64_alpine-linux_hotspot_25.0.4.1_1.tar.gz"

[tools.java."platforms.linux-x64"]
checksum = "sha256:dbb698396d478e7fa2b1e50f4103324b2a99b90569ee27c33f2261f9215cf41e"
url = "https://github.com/adoptium/temurin25-binaries/releases/download/jdk-25.0.4.1%2B1/OpenJDK25U-jdk_x64_linux_hotspot_25.0.4.1_1.tar.gz"

[tools.java."platforms.linux-x64-baseline"]
checksum = "sha256:dbb698396d478e7fa2b1e50f4103324b2a99b90569ee27c33f2261f9215cf41e"
url = "https://github.com/adoptium/temurin25-binaries/releases/download/jdk-25.0.4.1%2B1/OpenJDK25U-jdk_x64_linux_hotspot_25.0.4.1_1.tar.gz"

[tools.java."platforms.linux-x64-musl"]
checksum = "sha256:f18648ee5ce45261f50dc9493fdae7ddebaa2a7a857cafda3e2a448a79c03dee"
url = "https://github.com/adoptium/temurin25-binaries/releases/download/jdk-25.0.4.1%2B1/OpenJDK25U-jdk_x64_alpine-linux_hotspot_25.0.4.1_1.tar.gz"

[tools.java."platforms.linux-x64-musl-baseline"]
checksum = "sha256:f18648ee5ce45261f50dc9493fdae7ddebaa2a7a857cafda3e2a448a79c03dee"
url = "https://github.com/adoptium/temurin25-binaries/releases/download/jdk-25.0.4.1%2B1/OpenJDK25U-jdk_x64_alpine-linux_hotspot_25.0.4.1_1.tar.gz"

[tools.java."platforms.macos-arm64"]
checksum = "sha256:61979887f7506a24a57439ff99adb8b3a7fc89977d9cfe3b8984f58a981b7b9d"
url = "https://github.com/adoptium/temurin25-binaries/releases/download/jdk-25.0.4.1%2B1/OpenJDK25U-jdk_aarch64_mac_hotspot_25.0.4.1_1.tar.gz"

[tools.java."platforms.macos-x64"]
checksum = "sha256:e6229d9504f7922053ab31821b9e6bee8761daf7b026a3476d1a027563009880"
url = "https://github.com/adoptium/temurin25-binaries/releases/download/jdk-25.0.4.1%2B1/OpenJDK25U-jdk_x64_mac_hotspot_25.0.4.1_1.tar.gz"

[tools.java."platforms.macos-x64-baseline"]
checksum = "sha256:e6229d9504f7922053ab31821b9e6bee8761daf7b026a3476d1a027563009880"
url = "https://github.com/adoptium/temurin25-binaries/releases/download/jdk-25.0.4.1%2B1/OpenJDK25U-jdk_x64_mac_hotspot_25.0.4.1_1.tar.gz"

[tools.java."platforms.windows-x64"]
checksum = "sha256:00c847d804f4a78e9f04f2683faf14fed898535b177b7fc704486cb0284e9283"
url = "https://github.com/adoptium/temurin25-binaries/releases/download/jdk-25.0.4.1%2B1/OpenJDK25U-jdk_x64_windows_hotspot_25.0.4.1_1.zip"

[tools.java."platforms.windows-x64-baseline"]
checksum = "sha256:00c847d804f4a78e9f04f2683faf14fed898535b177b7fc704486cb0284e9283"
url = "https://github.com/adoptium/temurin25-binaries/releases/download/jdk-25.0.4.1%2B1/OpenJDK25U-jdk_x64_windows_hotspot_25.0.4.1_1.zip"

[[tools.node]]
version = "24.21.0"
backend = "core:node"

[tools.node."platforms.linux-arm64"]
checksum = "sha256:724282c3b43aec998aa9527380465b45d229e021b58035f5f4f63095eabfe5d5"
url = "https://nodejs.org/dist/v24.21.0/node-v24.21.0-linux-arm64.tar.gz"

[tools.node."platforms.linux-arm64-musl"]
checksum = "sha256:3048b0811e158ca0d8672b59c839861763e144492980d8d29b369dfee45747e4"
url = "https://unofficial-builds.nodejs.org/download/release/v24.21.0/node-v24.21.0-linux-arm64-musl.tar.gz"

[tools.node."platforms.linux-x64"]
checksum = "sha256:6e1db87ef58b8819e5d5402eff1536491b18edd8eb7bee5ef7897876e88dc5ff"
url = "https://nodejs.org/dist/v24.21.0/node-v24.21.0-linux-x64.tar.gz"

[tools.node."platforms.linux-x64-baseline"]
checksum = "sha256:6e1db87ef58b8819e5d5402eff1536491b18edd8eb7bee5ef7897876e88dc5ff"
url = "https://nodejs.org/dist/v24.21.0/node-v24.21.0-linux-x64.tar.gz"

[tools.node."platforms.linux-x64-musl"]
checksum = "sha256:01a713e34da98e7b4d2a3191ee7ca3f93dd0384d1a2ef23c379b2161ee6e133a"
url = "https://unofficial-builds.nodejs.org/download/release/v24.21.0/node-v24.21.0-linux-x64-musl.tar.gz"

[tools.node."platforms.linux-x64-musl-baseline"]
checksum = "sha256:01a713e34da98e7b4d2a3191ee7ca3f93dd0384d1a2ef23c379b2161ee6e133a"
url = "https://unofficial-builds.nodejs.org/download/release/v24.21.0/node-v24.21.0-linux-x64-musl.tar.gz"

[tools.node."platforms.macos-arm64"]
checksum = "sha256:bed7eea5325e1108f32ce5228ddd6a5f0f08a499ee42aa7442aea583702f6057"
url = "https://nodejs.org/dist/v24.21.0/node-v24.21.0-darwin-arm64.tar.gz"

[tools.node."platforms.macos-x64"]
checksum = "sha256:1462cb3b3046b815cf8ea436d3da450ec1a9f11dac7e5a46b0ada5305d7e8097"
url = "https://nodejs.org/dist/v24.21.0/node-v24.21.0-darwin-x64.tar.gz"

[tools.node."platforms.macos-x64-baseline"]
checksum = "sha256:1462cb3b3046b815cf8ea436d3da450ec1a9f11dac7e5a46b0ada5305d7e8097"
url = "https://nodejs.org/dist/v24.21.0/node-v24.21.0-darwin-x64.tar.gz"

[tools.node."platforms.windows-x64"]
checksum = "sha256:158f7685b44de51f6c0df1d153526cbcd3e1bc739a8dfc607721cef75de9e541"
url = "https://nodejs.org/dist/v24.21.0/node-v24.21.0-win-x64.zip"

[tools.node."platforms.windows-x64-baseline"]
checksum = "sha256:158f7685b44de51f6c0df1d153526cbcd3e1bc739a8dfc607721cef75de9e541"
url = "https://nodejs.org/dist/v24.21.0/node-v24.21.0-win-x64.zip"

[[tools."npm:@agentclientprotocol/claude-agent-acp"]]
version = "0.76.0"
backend = "npm:@agentclientprotocol/claude-agent-acp"

[[tools."npm:@agentclientprotocol/codex-acp"]]
version = "1.11.0"
backend = "npm:@agentclientprotocol/codex-acp"

[[tools."npm:@anthropic-ai/claude-code"]]
version = "2.1.270"
backend = "npm:@anthropic-ai/claude-code"

[tools."npm:@anthropic-ai/claude-code".options]
npm_args = "--ignore-scripts=false"

[[tools."npm:@colbymchenry/codegraph"]]
version = "1.6.0"
backend = "npm:@colbymchenry/codegraph"

[[tools."npm:@earendil-works/pi-coding-agent"]]
version = "0.85.1"
backend = "npm:@earendil-works/pi-coding-agent"

[[tools."npm:@openai/codex"]]
version = "0.154.0"
backend = "npm:@openai/codex"

[[tools."npm:@swmansion/argent"]]
version = "0.25.0"
backend = "npm:@swmansion/argent"

[[tools."npm:eas-cli"]]
version = "24.3.0"
backend = "npm:eas-cli"

[[tools."npm:neonctl"]]
version = "4.17.3"
backend = "npm:neonctl"

[[tools."npm:ocx"]]
version = "2.0.15"
backend = "npm:ocx"

[[tools."npm:opencode-ai"]]
version = "1.18.30"
backend = "npm:opencode-ai"

[tools."npm:opencode-ai".options]
npm_args = "--ignore-scripts=false"

[[tools."npm:skills"]]
version = "1.5.26"
backend = "npm:skills"

[[tools."npm:wrangler"]]
version = "4.131.1"
backend = "npm:wrangler"

[[tools."pipx:aider-chat"]]
version = "0.86.2"
backend = "pipx:aider-chat"

[tools."pipx:aider-chat".options]
uvx_args = "--python /opt/homebrew/bin/python3.12"

[[tools."pipx:kimi-cli"]]
version = "1.50.0"
backend = "pipx:kimi-cli"

[[tools."pipx:mdformat"]]
version = "1.0.0"
backend = "pipx:mdformat"

[tools."pipx:mdformat".options]
uvx_args = "--with mdformat-gfm --with mdformat-frontmatter"

[[tools.pnpm]]
version = "12.4.1"
backend = "aqua:pnpm/pnpm"

[tools.pnpm."platforms.linux-arm64"]
checksum = "sha256:14f7a3e67d658d4ca8002c2aa0567f27dc5fe056a9f29f98ba7d2bfd6c81591b"
url = "https://github.com/pnpm/pnpm/releases/download/v12.4.1/pnpm-linux-arm64.tar.gz"
url_api = "https://api.github.com/repos/pnpm/pnpm/releases/assets/555427209"
provenance = "github-attestations"

[tools.pnpm."platforms.linux-arm64-musl"]
checksum = "sha256:26eba6156b6b47d8c589e2ed76af9b3d3a001d9d87dd4769754a1d09f07505bb"
url = "https://github.com/pnpm/pnpm/releases/download/v12.4.1/pnpm-linux-arm64-musl.tar.gz"
url_api = "https://api.github.com/repos/pnpm/pnpm/releases/assets/555427211"
provenance = "github-attestations"

[tools.pnpm."platforms.linux-x64"]
checksum = "sha256:66e9886299085dade56e203ae0e3586f35787f8801a68d33ec07ac17b0de2001"
url = "https://github.com/pnpm/pnpm/releases/download/v12.4.1/pnpm-linux-x64.tar.gz"
url_api = "https://api.github.com/repos/pnpm/pnpm/releases/assets/555427214"
provenance = "github-attestations"

[tools.pnpm."platforms.linux-x64-baseline"]
checksum = "sha256:66e9886299085dade56e203ae0e3586f35787f8801a68d33ec07ac17b0de2001"
url = "https://github.com/pnpm/pnpm/releases/download/v12.4.1/pnpm-linux-x64.tar.gz"
url_api = "https://api.github.com/repos/pnpm/pnpm/releases/assets/555427214"
provenance = "github-attestations"

[tools.pnpm."platforms.linux-x64-musl"]
checksum = "sha256:b72cfc2140e2f3380e26555a474f8e091a4431374face630a50b00e4db992ddb"
url = "https://github.com/pnpm/pnpm/releases/download/v12.4.1/pnpm-linux-x64-musl.tar.gz"
url_api = "https://api.github.com/repos/pnpm/pnpm/releases/assets/555427217"
provenance = "github-attestations"

[tools.pnpm."platforms.linux-x64-musl-baseline"]
checksum = "sha256:b72cfc2140e2f3380e26555a474f8e091a4431374face630a50b00e4db992ddb"
url = "https://github.com/pnpm/pnpm/releases/download/v12.4.1/pnpm-linux-x64-musl.tar.gz"
url_api = "https://api.github.com/repos/pnpm/pnpm/releases/assets/555427217"
provenance = "github-attestations"

[tools.pnpm."platforms.macos-arm64"]
checksum = "sha256:432fd151c10477630cf5c9f41209c2a7b75ac6dce7b2533a459519daf8954c52"
url = "https://github.com/pnpm/pnpm/releases/download/v12.4.1/pnpm-darwin-arm64.tar.gz"
url_api = "https://api.github.com/repos/pnpm/pnpm/releases/assets/555427216"
provenance = "github-attestations"

[tools.pnpm."platforms.macos-x64"]
checksum = "sha256:98921409db2f510ccc4eb521f9bfec51e3f1e809fd66717a062962f3b2a4cdea"
url = "https://github.com/pnpm/pnpm/releases/download/v12.4.1/pnpm-darwin-x64.tar.gz"
url_api = "https://api.github.com/repos/pnpm/pnpm/releases/assets/555427210"
provenance = "github-attestations"

[tools.pnpm."platforms.macos-x64-baseline"]
checksum = "sha256:98921409db2f510ccc4eb521f9bfec51e3f1e809fd66717a062962f3b2a4cdea"
url = "https://github.com/pnpm/pnpm/releases/download/v12.4.1/pnpm-darwin-x64.tar.gz"
url_api = "https://api.github.com/repos/pnpm/pnpm/releases/assets/555427210"
provenance = "github-attestations"

[tools.pnpm."platforms.windows-x64"]
checksum = "sha256:356092adbd4f69670945ed24c7fca994ba4dd9fbaf23b028bb9708afd7bc676e"
url = "https://github.com/pnpm/pnpm/releases/download/v12.4.1/pnpm-win32-x64.zip"
url_api = "https://api.github.com/repos/pnpm/pnpm/releases/assets/555427213"
provenance = "github-attestations"

[tools.pnpm."platforms.windows-x64-baseline"]
checksum = "sha256:356092adbd4f69670945ed24c7fca994ba4dd9fbaf23b028bb9708afd7bc676e"
url = "https://github.com/pnpm/pnpm/releases/download/v12.4.1/pnpm-win32-x64.zip"
url_api = "https://api.github.com/repos/pnpm/pnpm/releases/assets/555427213"
provenance = "github-attestations"

[[tools.python]]
version = "3.14.7"
backend = "core:python"

[tools.python."platforms.linux-arm64"]
checksum = "sha256:8a0798baa8a2c27b5751d590aced543eaa85e20b3f73d93c1af049688acdc9c5"
url = "https://github.com/astral-sh/python-build-standalone/releases/download/20260901/cpython-3.14.7+20260901-aarch64-unknown-linux-gnu-install_only_stripped.tar.gz"
provenance = "github-attestations"

[tools.python."platforms.linux-arm64-musl"]
checksum = "sha256:701c31d72187242302922a29f3bc6023ceb68b6b68fb8d4ed7568d1e6ef34548"
url = "https://github.com/astral-sh/python-build-standalone/releases/download/20260901/cpython-3.14.7+20260901-aarch64-unknown-linux-musl-install_only_stripped.tar.gz"
provenance = "github-attestations"

[tools.python."platforms.linux-x64"]
checksum = "sha256:3959f92825141e04adf44982d3a83ee57af0877e893b0796e04c1468749d9b04"
url = "https://github.com/astral-sh/python-build-standalone/releases/download/20260901/cpython-3.14.7+20260901-x86_64-unknown-linux-gnu-install_only_stripped.tar.gz"
provenance = "github-attestations"

[tools.python."platforms.linux-x64-baseline"]
checksum = "sha256:3959f92825141e04adf44982d3a83ee57af0877e893b0796e04c1468749d9b04"
url = "https://github.com/astral-sh/python-build-standalone/releases/download/20260901/cpython-3.14.7+20260901-x86_64-unknown-linux-gnu-install_only_stripped.tar.gz"
provenance = "github-attestations"

[tools.python."platforms.linux-x64-musl"]
checksum = "sha256:c773f8a7357c0d1a29e208a14bc16386731ca9c0d2e51f1b6741967fb0632cdc"
url = "https://github.com/astral-sh/python-build-standalone/releases/download/20260901/cpython-3.14.7+20260901-x86_64-unknown-linux-musl-install_only_stripped.tar.gz"
provenance = "github-attestations"

[tools.python."platforms.linux-x64-musl-baseline"]
checksum = "sha256:c773f8a7357c0d1a29e208a14bc16386731ca9c0d2e51f1b6741967fb0632cdc"
url = "https://github.com/astral-sh/python-build-standalone/releases/download/20260901/cpython-3.14.7+20260901-x86_64-unknown-linux-musl-install_only_stripped.tar.gz"
provenance = "github-attestations"

[tools.python."platforms.macos-arm64"]
checksum = "sha256:4632cb1a6edad9e73d3c81b6d2e69131637d995173e3e85005df14102b0592ba"
url = "https://github.com/astral-sh/python-build-standalone/releases/download/20260901/cpython-3.14.7+20260901-aarch64-apple-darwin-install_only_stripped.tar.gz"
provenance = "github-attestations"

[tools.python."platforms.macos-x64"]
checksum = "sha256:7e151a7c9028855b61a7d6e78381f2020a1ef185281399f3b1aafc5e1c9a1a64"
url = "https://github.com/astral-sh/python-build-standalone/releases/download/20260901/cpython-3.14.7+20260901-x86_64-apple-darwin-install_only_stripped.tar.gz"
provenance = "github-attestations"

[tools.python."platforms.macos-x64-baseline"]
checksum = "sha256:7e151a7c9028855b61a7d6e78381f2020a1ef185281399f3b1aafc5e1c9a1a64"
url = "https://github.com/astral-sh/python-build-standalone/releases/download/20260901/cpython-3.14.7+20260901-x86_64-apple-darwin-install_only_stripped.tar.gz"
provenance = "github-attestations"

[tools.python."platforms.windows-x64"]
checksum = "sha256:ca3c33ca924dfcab3b74205a7a58a88b0255135c53f95497b26b5e60700fd66d"
url = "https://github.com/astral-sh/python-build-standalone/releases/download/20260901/cpython-3.14.7+20260901-x86_64-pc-windows-msvc-install_only_stripped.tar.gz"
provenance = "github-attestations"

[tools.python."platforms.windows-x64-baseline"]
checksum = "sha256:ca3c33ca924dfcab3b74205a7a58a88b0255135c53f95497b26b5e60700fd66d"
url = "https://github.com/astral-sh/python-build-standalone/releases/download/20260901/cpython-3.14.7+20260901-x86_64-pc-windows-msvc-install_only_stripped.tar.gz"
provenance = "github-attestations"

[[tools.ruby]]
version = "4.0.6"
backend = "core:ruby"

[tools.ruby."platforms.windows-x64"]
checksum = "sha256:328d7a86bea2f4c432783025050c9ffa1c36fcfc54ebccc466b63450ec3af223"
url = "https://github.com/oneclick/rubyinstaller2/releases/download/RubyInstaller-4.0.6-1/rubyinstaller-4.0.6-1-x64.7z"

[tools.ruby."platforms.windows-x64-baseline"]
checksum = "sha256:328d7a86bea2f4c432783025050c9ffa1c36fcfc54ebccc466b63450ec3af223"
url = "https://github.com/oneclick/rubyinstaller2/releases/download/RubyInstaller-4.0.6-1/rubyinstaller-4.0.6-1-x64.7z"

[[tools.ruby]]
version = "4.0.6"
backend = "core:ruby"

[tools.ruby.options]
compile = "false"
precompiled_url = "jdx/ruby"
ruby_build_repo = "https://github.com/rbenv/ruby-build.git"
ruby_install = "false"

[tools.ruby."platforms.linux-arm64"]
checksum = "sha256:6144c26cd5a1ff85358beb7e68e592ada6d0319aa8093cf353465d60f10aa970"
url = "https://github.com/jdx/ruby/releases/download/4.0.6-1/ruby-4.0.6.arm64_linux.tar.gz"
provenance = "github-attestations"

[tools.ruby."platforms.linux-arm64-musl"]
checksum = "sha256:837d299e8f7ddf2be31a229a7a7e019d354979825117989acb3b32b1a9be262a"
url = "https://cache.ruby-lang.org/pub/ruby/4.0/ruby-4.0.6.tar.gz"

[tools.ruby."platforms.linux-x64"]
checksum = "sha256:aefa111873bac3b15c5c416bfaaca84e793d5312d4496d651ad79c44521b200a"
url = "https://github.com/jdx/ruby/releases/download/4.0.6-1/ruby-4.0.6.x86_64_linux.tar.gz"
provenance = "github-attestations"

[tools.ruby."platforms.linux-x64-baseline"]
checksum = "sha256:aefa111873bac3b15c5c416bfaaca84e793d5312d4496d651ad79c44521b200a"
url = "https://github.com/jdx/ruby/releases/download/4.0.6-1/ruby-4.0.6.x86_64_linux.tar.gz"
provenance = "github-attestations"

[tools.ruby."platforms.linux-x64-musl"]
checksum = "sha256:837d299e8f7ddf2be31a229a7a7e019d354979825117989acb3b32b1a9be262a"
url = "https://cache.ruby-lang.org/pub/ruby/4.0/ruby-4.0.6.tar.gz"

[tools.ruby."platforms.linux-x64-musl-baseline"]
checksum = "sha256:837d299e8f7ddf2be31a229a7a7e019d354979825117989acb3b32b1a9be262a"
url = "https://cache.ruby-lang.org/pub/ruby/4.0/ruby-4.0.6.tar.gz"

[tools.ruby."platforms.macos-arm64"]
checksum = "sha256:518c5849d7ab337790943963ded4f0b402d2d4ededea265288a5a19d4c8fee18"
url = "https://github.com/jdx/ruby/releases/download/4.0.6-1/ruby-4.0.6.macos.tar.gz"
provenance = "github-attestations"

[tools.ruby."platforms.macos-x64"]
checksum = "sha256:837d299e8f7ddf2be31a229a7a7e019d354979825117989acb3b32b1a9be262a"
url = "https://cache.ruby-lang.org/pub/ruby/4.0/ruby-4.0.6.tar.gz"

[tools.ruby."platforms.macos-x64-baseline"]
checksum = "sha256:837d299e8f7ddf2be31a229a7a7e019d354979825117989acb3b32b1a9be262a"
url = "https://cache.ruby-lang.org/pub/ruby/4.0/ruby-4.0.6.tar.gz"

[[tools.rust]]
version = "1.98.1"
backend = "core:rust"

[[tools.terraform]]
version = "1.16.2"
backend = "aqua:hashicorp/terraform"

[tools.terraform."platforms.linux-arm64"]
checksum = "sha256:c040bd1e3122b4290f70f74288d8c5a54ddd4254a3e52a29e7cc666653f50a0a"
url = "https://releases.hashicorp.com/terraform/1.16.2/terraform_1.16.2_linux_arm64.zip"

[tools.terraform."platforms.linux-arm64-musl"]
checksum = "sha256:c040bd1e3122b4290f70f74288d8c5a54ddd4254a3e52a29e7cc666653f50a0a"
url = "https://releases.hashicorp.com/terraform/1.16.2/terraform_1.16.2_linux_arm64.zip"

[tools.terraform."platforms.linux-x64"]
checksum = "sha256:0d17011f0c4664539b164b044903d04e296c86c13cb9f28040076c65cfb3985a"
url = "https://releases.hashicorp.com/terraform/1.16.2/terraform_1.16.2_linux_amd64.zip"

[tools.terraform."platforms.linux-x64-baseline"]
checksum = "sha256:0d17011f0c4664539b164b044903d04e296c86c13cb9f28040076c65cfb3985a"
url = "https://releases.hashicorp.com/terraform/1.16.2/terraform_1.16.2_linux_amd64.zip"

[tools.terraform."platforms.linux-x64-musl"]
checksum = "sha256:0d17011f0c4664539b164b044903d04e296c86c13cb9f28040076c65cfb3985a"
url = "https://releases.hashicorp.com/terraform/1.16.2/terraform_1.16.2_linux_amd64.zip"

[tools.terraform."platforms.linux-x64-musl-baseline"]
checksum = "sha256:0d17011f0c4664539b164b044903d04e296c86c13cb9f28040076c65cfb3985a"
url = "https://releases.hashicorp.com/terraform/1.16.2/terraform_1.16.2_linux_amd64.zip"

[tools.terraform."platforms.macos-arm64"]
checksum = "sha256:7c0a0b31c8aa541351369bcf7b62a7289fbc21de7e577669aeba6d42f4e6cc41"
url = "https://releases.hashicorp.com/terraform/1.16.2/terraform_1.16.2_darwin_arm64.zip"

[tools.terraform."platforms.macos-x64"]
checksum = "sha256:275f50ed172af2f23e15a2ce7e3251aac8b17b768f2e62eceb81c353cd106abf"
url = "https://releases.hashicorp.com/terraform/1.16.2/terraform_1.16.2_darwin_amd64.zip"

[tools.terraform."platforms.macos-x64-baseline"]
checksum = "sha256:275f50ed172af2f23e15a2ce7e3251aac8b17b768f2e62eceb81c353cd106abf"
url = "https://releases.hashicorp.com/terraform/1.16.2/terraform_1.16.2_darwin_amd64.zip"

[tools.terraform."platforms.windows-x64"]
checksum = "sha256:6ef140ce1d399dc43b8315194176ddc2dfb5c21d607968e82ef20a55cfff40d0"
url = "https://releases.hashicorp.com/terraform/1.16.2/terraform_1.16.2_windows_amd64.zip"

[tools.terraform."platforms.windows-x64-baseline"]
checksum = "sha256:6ef140ce1d399dc43b8315194176ddc2dfb5c21d607968e82ef20a55cfff40d0"
url = "https://releases.hashicorp.com/terraform/1.16.2/terraform_1.16.2_windows_amd64.zip"

[[tools.uv]]
version = "0.12.12"
backend = "aqua:astral-sh/uv"

[tools.uv."platforms.linux-arm64"]
checksum = "sha256:fe08db50cc1b56cd1da7801065ed1103d27ed3f9571cd122386cfc7faf1b8df5"
url = "https://github.com/astral-sh/uv/releases/download/0.12.12/uv-aarch64-unknown-linux-gnu.tar.gz"
url_api = "https://api.github.com/repos/astral-sh/uv/releases/assets/553169214"
provenance = "github-attestations"

[tools.uv."platforms.linux-arm64-musl"]
checksum = "sha256:82e59fff633cbd96fb675f37c7a748c056d909a59ecf476f8ff0e5bee76b9b23"
url = "https://github.com/astral-sh/uv/releases/download/0.12.12/uv-aarch64-unknown-linux-musl.tar.gz"
url_api = "https://api.github.com/repos/astral-sh/uv/releases/assets/553169225"
provenance = "github-attestations"

[tools.uv."platforms.linux-x64"]
checksum = "sha256:ab9b309d4586403f024e100abaceb396616e178a553e2500c36087d180f09509"
url = "https://github.com/astral-sh/uv/releases/download/0.12.12/uv-x86_64-unknown-linux-gnu.tar.gz"
url_api = "https://api.github.com/repos/astral-sh/uv/releases/assets/553169491"
provenance = "github-attestations"

[tools.uv."platforms.linux-x64-baseline"]
checksum = "sha256:ab9b309d4586403f024e100abaceb396616e178a553e2500c36087d180f09509"
url = "https://github.com/astral-sh/uv/releases/download/0.12.12/uv-x86_64-unknown-linux-gnu.tar.gz"
url_api = "https://api.github.com/repos/astral-sh/uv/releases/assets/553169491"
provenance = "github-attestations"

[tools.uv."platforms.linux-x64-musl"]
checksum = "sha256:0b0bbd7144f91d9b694e29c920fca3a060322bd134e8507e5eb92049a3e2edf0"
url = "https://github.com/astral-sh/uv/releases/download/0.12.12/uv-x86_64-unknown-linux-musl.tar.gz"
url_api = "https://api.github.com/repos/astral-sh/uv/releases/assets/553169515"
provenance = "github-attestations"

[tools.uv."platforms.linux-x64-musl-baseline"]
checksum = "sha256:0b0bbd7144f91d9b694e29c920fca3a060322bd134e8507e5eb92049a3e2edf0"
url = "https://github.com/astral-sh/uv/releases/download/0.12.12/uv-x86_64-unknown-linux-musl.tar.gz"
url_api = "https://api.github.com/repos/astral-sh/uv/releases/assets/553169515"
provenance = "github-attestations"

[tools.uv."platforms.macos-arm64"]
checksum = "sha256:46740540b63fdee9a6cb2e19baf3f1f475b850c440a33e63455087a6871263f1"
url = "https://github.com/astral-sh/uv/releases/download/0.12.12/uv-aarch64-apple-darwin.tar.gz"
url_api = "https://api.github.com/repos/astral-sh/uv/releases/assets/553169165"
provenance = "github-attestations"

[tools.uv."platforms.macos-x64"]
checksum = "sha256:0dc8cd6c961582b0d140b5398f96b23502885277fb3464241456a2435e460dfa"
url = "https://github.com/astral-sh/uv/releases/download/0.12.12/uv-x86_64-apple-darwin.tar.gz"
url_api = "https://api.github.com/repos/astral-sh/uv/releases/assets/553169443"
provenance = "github-attestations"

[tools.uv."platforms.macos-x64-baseline"]
checksum = "sha256:0dc8cd6c961582b0d140b5398f96b23502885277fb3464241456a2435e460dfa"
url = "https://github.com/astral-sh/uv/releases/download/0.12.12/uv-x86_64-apple-darwin.tar.gz"
url_api = "https://api.github.com/repos/astral-sh/uv/releases/assets/553169443"
provenance = "github-attestations"

[tools.uv."platforms.windows-x64"]
checksum = "sha256:3d54912924c36e862c14f427d04f2ed70a99e8001d1c30caa101f6d5711626d5"
url = "https://github.com/astral-sh/uv/releases/download/0.12.12/uv-x86_64-pc-windows-msvc.zip"
url_api = "https://api.github.com/repos/astral-sh/uv/releases/assets/553169472"
provenance = "github-attestations"

[tools.uv."platforms.windows-x64-baseline"]
checksum = "sha256:3d54912924c36e862c14f427d04f2ed70a99e8001d1c30caa101f6d5711626d5"
url = "https://github.com/astral-sh/uv/releases/download/0.12.12/uv-x86_64-pc-windows-msvc.zip"
url_api = "https://api.github.com/repos/astral-sh/uv/releases/assets/553169472"
provenance = "github-attestations"

[[tools.yarn]]
version = "4.18.0"
backend = "vfox:mise-plugins/vfox-yarn"
